// !$*UTF8*$!
{
	archiveVersion = 1;
	classes = {
	};
	objectVersion = 46;
	objects = {

/* Begin PBXBuildFile section */
		00E356F31AD99517003FC87E /* PherapeuticTests.m in Sources */ = {isa = PBXBuildFile; fileRef = 00E356F21AD99517003FC87E /* PherapeuticTests.m */; };
		13B07FBC1A68108700A75B9A /* AppDelegate.m in Sources */ = {isa = PBXBuildFile; fileRef = 13B07FB01A68108700A75B9A /* AppDelegate.m */; };
		13B07FBF1A68108700A75B9A /* Images.xcassets in Resources */ = {isa = PBXBuildFile; fileRef = 13B07FB51A68108700A75B9A /* Images.xcassets */; };
		13B07FC11A68108700A75B9A /* main.m in Sources */ = {isa = PBXBuildFile; fileRef = 13B07FB71A68108700A75B9A /* main.m */; };
		1D57BBD4257A5BF0009ED500 /* GoogleService-Info.plist in Resources */ = {isa = PBXBuildFile; fileRef = 1D57BBD3257A5BF0009ED500 /* GoogleService-Info.plist */; };
		1D57BBD5257A5BF0009ED500 /* GoogleService-Info.plist in Resources */ = {isa = PBXBuildFile; fileRef = 1D57BBD3257A5BF0009ED500 /* GoogleService-Info.plist */; };
		1D57BBD6257A5BF0009ED500 /* GoogleService-Info.plist in Resources */ = {isa = PBXBuildFile; fileRef = 1D57BBD3257A5BF0009ED500 /* GoogleService-Info.plist */; };
		1D57BBD7257A5BF0009ED500 /* GoogleService-Info.plist in Resources */ = {isa = PBXBuildFile; fileRef = 1D57BBD3257A5BF0009ED500 /* GoogleService-Info.plist */; };
		28C35B0C13A8F635D36E2648 /* libPods-Pherapeutic-tvOS.a in Frameworks */ = {isa = PBXBuildFile; fileRef = 8BE0E6B153E85FB15B31DA39 /* libPods-Pherapeutic-tvOS.a */; };
		2D02E4BC1E0B4A80006451C7 /* AppDelegate.m in Sources */ = {isa = PBXBuildFile; fileRef = 13B07FB01A68108700A75B9A /* AppDelegate.m */; };
		2D02E4BD1E0B4A84006451C7 /* Images.xcassets in Resources */ = {isa = PBXBuildFile; fileRef = 13B07FB51A68108700A75B9A /* Images.xcassets */; };
		2D02E4BF1E0B4AB3006451C7 /* main.m in Sources */ = {isa = PBXBuildFile; fileRef = 13B07FB71A68108700A75B9A /* main.m */; };
		2DCD954D1E0B4F2C00145EB5 /* PherapeuticTests.m in Sources */ = {isa = PBXBuildFile; fileRef = 00E356F21AD99517003FC87E /* PherapeuticTests.m */; };
		5C144EDA7A91F03985472CE3 /* libPods-Pherapeutic-PherapeuticTests.a in Frameworks */ = {isa = PBXBuildFile; fileRef = F04A5DBE2B085A9DE134214C /* libPods-Pherapeutic-PherapeuticTests.a */; };
		7C7AD556B285A502401EE2D3 /* libPods-Pherapeutic.a in Frameworks */ = {isa = PBXBuildFile; fileRef = CACFF8BC9208D51390DFAB27 /* libPods-Pherapeutic.a */; };
		81AB9BB82411601600AC10FF /* LaunchScreen.storyboard in Resources */ = {isa = PBXBuildFile; fileRef = 81AB9BB72411601600AC10FF /* LaunchScreen.storyboard */; };
		BE8F541C30504D734D655061 /* libPods-Pherapeutic-tvOSTests.a in Frameworks */ = {isa = PBXBuildFile; fileRef = F36CE8BE84670BA02A1FC8DF /* libPods-Pherapeutic-tvOSTests.a */; };
/* End PBXBuildFile section */

/* Begin PBXContainerItemProxy section */
		00E356F41AD99517003FC87E /* PBXContainerItemProxy */ = {
			isa = PBXContainerItemProxy;
			containerPortal = 83CBB9F71A601CBA00E9B192 /* Project object */;
			proxyType = 1;
			remoteGlobalIDString = 13B07F861A680F5B00A75B9A;
			remoteInfo = Pherapeutic;
		};
		1D17A0B425A8D30C005A2177 /* PBXContainerItemProxy */ = {
			isa = PBXContainerItemProxy;
			containerPortal = CA275BF62550353E009A72FC /* Pods.xcodeproj */;
			proxyType = 2;
			remoteGlobalIDString = F6B923B5A106791D9D52196A67E572B3;
			remoteInfo = "react-native-splash-screen";
		};
		1D17A0B625A8D30C005A2177 /* PBXContainerItemProxy */ = {
			isa = PBXContainerItemProxy;
			containerPortal = CA275BF62550353E009A72FC /* Pods.xcodeproj */;
			proxyType = 2;
			remoteGlobalIDString = 8DF63376066E2275FF26820B3A512A9B;
			remoteInfo = "react-native-webview";
		};
		1D1EF55425B440BF00DF7494 /* PBXContainerItemProxy */ = {
			isa = PBXContainerItemProxy;
			containerPortal = CA275BF62550353E009A72FC /* Pods.xcodeproj */;
			proxyType = 2;
			remoteGlobalIDString = 629B4458112E2D01978E2FE02FF6FFF7;
			remoteInfo = RNCCheckbox;
		};
		1D2AA7E6258528B000AE8E91 /* PBXContainerItemProxy */ = {
			isa = PBXContainerItemProxy;
			containerPortal = CA275BF62550353E009A72FC /* Pods.xcodeproj */;
			proxyType = 2;
			remoteGlobalIDString = E2B63D462DB7F827C4B11FD51E4F8E2D;
			remoteInfo = FirebaseCore;
		};
		1D2AA7E8258528B000AE8E91 /* PBXContainerItemProxy */ = {
			isa = PBXContainerItemProxy;
			containerPortal = CA275BF62550353E009A72FC /* Pods.xcodeproj */;
			proxyType = 2;
			remoteGlobalIDString = 8CC9178C366942FD6FF6A115604EAD58;
			remoteInfo = FirebaseCoreDiagnostics;
		};
		1D2AA7EA258528B000AE8E91 /* PBXContainerItemProxy */ = {
			isa = PBXContainerItemProxy;
			containerPortal = CA275BF62550353E009A72FC /* Pods.xcodeproj */;
			proxyType = 2;
			remoteGlobalIDString = 13C8C8B254851998F9289F71229B28A2;
			remoteInfo = FirebaseInstallations;
		};
		1D2AA7EC258528B000AE8E91 /* PBXContainerItemProxy */ = {
			isa = PBXContainerItemProxy;
			containerPortal = CA275BF62550353E009A72FC /* Pods.xcodeproj */;
			proxyType = 2;
			remoteGlobalIDString = 2DA0D814DFCB860D31D7BCD63D795858;
			remoteInfo = FirebaseInstanceID;
		};
		1D2AA7EE258528B000AE8E91 /* PBXContainerItemProxy */ = {
			isa = PBXContainerItemProxy;
			containerPortal = CA275BF62550353E009A72FC /* Pods.xcodeproj */;
			proxyType = 2;
			remoteGlobalIDString = 5B654B4B042BA7DC93766943A643E42B;
			remoteInfo = FirebaseMessaging;
		};
		1D2AA7F0258528B000AE8E91 /* PBXContainerItemProxy */ = {
			isa = PBXContainerItemProxy;
			containerPortal = CA275BF62550353E009A72FC /* Pods.xcodeproj */;
			proxyType = 2;
			remoteGlobalIDString = 856B5CD56F194FAD26EA91620B66D614;
			remoteInfo = GoogleDataTransport;
		};
		1D2AA7F2258528B000AE8E91 /* PBXContainerItemProxy */ = {
			isa = PBXContainerItemProxy;
			containerPortal = CA275BF62550353E009A72FC /* Pods.xcodeproj */;
			proxyType = 2;
			remoteGlobalIDString = B43874C6CBB50E7134FBEC24BABFE14F;
			remoteInfo = GoogleUtilities;
		};
		1D2AA7F4258528B000AE8E91 /* PBXContainerItemProxy */ = {
			isa = PBXContainerItemProxy;
			containerPortal = CA275BF62550353E009A72FC /* Pods.xcodeproj */;
			proxyType = 2;
			remoteGlobalIDString = 06FC5C9CF96D60C50FCD47D339C91951;
			remoteInfo = nanopb;
		};
		1D2AA7F6258528B000AE8E91 /* PBXContainerItemProxy */ = {
			isa = PBXContainerItemProxy;
			containerPortal = CA275BF62550353E009A72FC /* Pods.xcodeproj */;
			proxyType = 2;
			remoteGlobalIDString = 3347A1AB6546F0A3977529B8F199DC41;
			remoteInfo = PromisesObjC;
		};
		1D2AA7F8258528B000AE8E91 /* PBXContainerItemProxy */ = {
			isa = PBXContainerItemProxy;
			containerPortal = CA275BF62550353E009A72FC /* Pods.xcodeproj */;
			proxyType = 2;
			remoteGlobalIDString = D4A74E86108DDD8001C987D387938659;
			remoteInfo = "react-native-agora";
		};
		1D2AA7FA258528B000AE8E91 /* PBXContainerItemProxy */ = {
			isa = PBXContainerItemProxy;
			containerPortal = CA275BF62550353E009A72FC /* Pods.xcodeproj */;
			proxyType = 2;
			remoteGlobalIDString = 18D0B1E13C69654196028DD6EDCC3452;
			remoteInfo = RNFBApp;
		};
		1D2AA7FC258528B000AE8E91 /* PBXContainerItemProxy */ = {
			isa = PBXContainerItemProxy;
			containerPortal = CA275BF62550353E009A72FC /* Pods.xcodeproj */;
			proxyType = 2;
			remoteGlobalIDString = 8C1EA40EBD30D734BFD7F4BC6E754BB9;
			remoteInfo = RNFBMessaging;
		};
		1D39BBD62577A65300750159 /* PBXContainerItemProxy */ = {
			isa = PBXContainerItemProxy;
			containerPortal = CA275BF62550353E009A72FC /* Pods.xcodeproj */;
			proxyType = 2;
			remoteGlobalIDString = EC8F4D0BE3B0C192EBA4A93F8887D89F;
			remoteInfo = FBSDKCoreKit;
		};
		1D39BBD82577A65300750159 /* PBXContainerItemProxy */ = {
			isa = PBXContainerItemProxy;
			containerPortal = CA275BF62550353E009A72FC /* Pods.xcodeproj */;
			proxyType = 2;
			remoteGlobalIDString = 5DE0FEFC3995E740EC1AE2611D0AEFB0;
			remoteInfo = FBSDKLoginKit;
		};
		1D39BBDA2577A65300750159 /* PBXContainerItemProxy */ = {
			isa = PBXContainerItemProxy;
			containerPortal = CA275BF62550353E009A72FC /* Pods.xcodeproj */;
			proxyType = 2;
			remoteGlobalIDString = 85128AF76199890A6DD56FE81089D883;
			remoteInfo = FBSDKShareKit;
		};
		1D39BBDC2577A65300750159 /* PBXContainerItemProxy */ = {
			isa = PBXContainerItemProxy;
			containerPortal = CA275BF62550353E009A72FC /* Pods.xcodeproj */;
			proxyType = 2;
			remoteGlobalIDString = A21509A6082F6EA29D871EA72DAADCED;
			remoteInfo = "react-native-fbsdk";
		};
		1D57BBBF257A5B64009ED500 /* PBXContainerItemProxy */ = {
			isa = PBXContainerItemProxy;
			containerPortal = CA275BF62550353E009A72FC /* Pods.xcodeproj */;
			proxyType = 2;
			remoteGlobalIDString = 3FD1B4C1246D643E9476438C28048FA8;
			remoteInfo = AppAuth;
		};
		1D57BBC1257A5B64009ED500 /* PBXContainerItemProxy */ = {
			isa = PBXContainerItemProxy;
			containerPortal = CA275BF62550353E009A72FC /* Pods.xcodeproj */;
			proxyType = 2;
			remoteGlobalIDString = 6FD122EA0AB9AB2A8FFA5F676C795DF0;
			remoteInfo = GTMAppAuth;
		};
		1D57BBC3257A5B64009ED500 /* PBXContainerItemProxy */ = {
			isa = PBXContainerItemProxy;
			containerPortal = CA275BF62550353E009A72FC /* Pods.xcodeproj */;
			proxyType = 2;
			remoteGlobalIDString = C1998E0D8085221AD87F89B614C10E52;
			remoteInfo = GTMSessionFetcher;
		};
		1D57BBC5257A5B64009ED500 /* PBXContainerItemProxy */ = {
			isa = PBXContainerItemProxy;
			containerPortal = CA275BF62550353E009A72FC /* Pods.xcodeproj */;
			proxyType = 2;
			remoteGlobalIDString = 97CE6A3FA04F0B3C1E0418A227804309;
			remoteInfo = RNGoogleSignin;
		};
		1D5F9FA125AE1A19002CBD7D /* PBXContainerItemProxy */ = {
			isa = PBXContainerItemProxy;
			containerPortal = CA275BF62550353E009A72FC /* Pods.xcodeproj */;
			proxyType = 2;
			remoteGlobalIDString = 83A8CC3246A95431ACEA83C7C742228B;
			remoteInfo = "react-native-netinfo";
		};
		1D78793C2578176A00565919 /* PBXContainerItemProxy */ = {
			isa = PBXContainerItemProxy;
			containerPortal = CA275BF62550353E009A72FC /* Pods.xcodeproj */;
			proxyType = 2;
			remoteGlobalIDString = 467EB07BB1D9636C6348DE0824CE8973;
			remoteInfo = "react-native-geolocation";
		};
		2D02E4911E0B4A5D006451C7 /* PBXContainerItemProxy */ = {
			isa = PBXContainerItemProxy;
			containerPortal = 83CBB9F71A601CBA00E9B192 /* Project object */;
			proxyType = 1;
			remoteGlobalIDString = 2D02E47A1E0B4A5D006451C7;
			remoteInfo = "Pherapeutic-tvOS";
		};
		CA275C262550353E009A72FC /* PBXContainerItemProxy */ = {
			isa = PBXContainerItemProxy;
			containerPortal = CA275BF62550353E009A72FC /* Pods.xcodeproj */;
			proxyType = 2;
			remoteGlobalIDString = 6FFB7B2992BB53405E6B771A5BA1E97D;
			remoteInfo = DoubleConversion;
		};
		CA275C282550353E009A72FC /* PBXContainerItemProxy */ = {
			isa = PBXContainerItemProxy;
			containerPortal = CA275BF62550353E009A72FC /* Pods.xcodeproj */;
			proxyType = 2;
			remoteGlobalIDString = ABFEEA82A6C346B22843FBE0B0582182;
			remoteInfo = FBReactNativeSpec;
		};
		CA275C382550353E009A72FC /* PBXContainerItemProxy */ = {
			isa = PBXContainerItemProxy;
			containerPortal = CA275BF62550353E009A72FC /* Pods.xcodeproj */;
			proxyType = 2;
			remoteGlobalIDString = 06489499588BFA8FD5E63DD6375CD533;
			remoteInfo = Folly;
		};
		CA275C3A2550353E009A72FC /* PBXContainerItemProxy */ = {
			isa = PBXContainerItemProxy;
			containerPortal = CA275BF62550353E009A72FC /* Pods.xcodeproj */;
			proxyType = 2;
			remoteGlobalIDString = 3CA7A9404CCDD6BA22C97F8348CE3209;
			remoteInfo = glog;
		};
		CA275C3C2550353E009A72FC /* PBXContainerItemProxy */ = {
			isa = PBXContainerItemProxy;
			containerPortal = CA275BF62550353E009A72FC /* Pods.xcodeproj */;
			proxyType = 2;
			remoteGlobalIDString = 304ACAB1ECD23F4040D482DEB4B87C52;
			remoteInfo = "Pods-Pherapeutic";
		};
		CA275C3E2550353E009A72FC /* PBXContainerItemProxy */ = {
			isa = PBXContainerItemProxy;
			containerPortal = CA275BF62550353E009A72FC /* Pods.xcodeproj */;
			proxyType = 2;
			remoteGlobalIDString = 017596B5646643503C628A482706C2A2;
			remoteInfo = "Pods-Pherapeutic-PherapeuticTests";
		};
		CA275C402550353E009A72FC /* PBXContainerItemProxy */ = {
			isa = PBXContainerItemProxy;
			containerPortal = CA275BF62550353E009A72FC /* Pods.xcodeproj */;
			proxyType = 2;
			remoteGlobalIDString = DCE5509F0B4EEF0E0BA81BC4348FCD49;
			remoteInfo = "Pods-Pherapeutic-tvOS";
		};
		CA275C422550353E009A72FC /* PBXContainerItemProxy */ = {
			isa = PBXContainerItemProxy;
			containerPortal = CA275BF62550353E009A72FC /* Pods.xcodeproj */;
			proxyType = 2;
			remoteGlobalIDString = F0403D50D2DAD6B9F1CC676CE9F8D61B;
			remoteInfo = "Pods-Pherapeutic-tvOSTests";
		};
		CA275C442550353E009A72FC /* PBXContainerItemProxy */ = {
			isa = PBXContainerItemProxy;
			containerPortal = CA275BF62550353E009A72FC /* Pods.xcodeproj */;
			proxyType = 2;
			remoteGlobalIDString = F958876A082BF810B342435CE3FB5AF6;
			remoteInfo = RCTTypeSafety;
		};
		CA275C462550353E009A72FC /* PBXContainerItemProxy */ = {
			isa = PBXContainerItemProxy;
			containerPortal = CA275BF62550353E009A72FC /* Pods.xcodeproj */;
			proxyType = 2;
			remoteGlobalIDString = BD71E2539823621820F84384064C253A;
			remoteInfo = "React-Core";
		};
		CA275C482550353E009A72FC /* PBXContainerItemProxy */ = {
			isa = PBXContainerItemProxy;
			containerPortal = CA275BF62550353E009A72FC /* Pods.xcodeproj */;
			proxyType = 2;
			remoteGlobalIDString = FE6D792B6328AAF68E46924D7F466631;
			remoteInfo = "React-Core-AccessibilityResources";
		};
		CA275C4A2550353E009A72FC /* PBXContainerItemProxy */ = {
			isa = PBXContainerItemProxy;
			containerPortal = CA275BF62550353E009A72FC /* Pods.xcodeproj */;
			proxyType = 2;
			remoteGlobalIDString = 6771D231F4C8C5976470A369C474B32E;
			remoteInfo = "React-CoreModules";
		};
		CA275C4C2550353E009A72FC /* PBXContainerItemProxy */ = {
			isa = PBXContainerItemProxy;
			containerPortal = CA275BF62550353E009A72FC /* Pods.xcodeproj */;
			proxyType = 2;
			remoteGlobalIDString = 37592FDAD45752511010F4B06AC57355;
			remoteInfo = "React-cxxreact";
		};
		CA275C4E2550353E009A72FC /* PBXContainerItemProxy */ = {
			isa = PBXContainerItemProxy;
			containerPortal = CA275BF62550353E009A72FC /* Pods.xcodeproj */;
			proxyType = 2;
			remoteGlobalIDString = D9F334F2E90E3EE462FC4192AF5C03BD;
			remoteInfo = "React-jsi";
		};
		CA275C502550353E009A72FC /* PBXContainerItemProxy */ = {
			isa = PBXContainerItemProxy;
			containerPortal = CA275BF62550353E009A72FC /* Pods.xcodeproj */;
			proxyType = 2;
			remoteGlobalIDString = F2E7C88DFCD460A4B46B913ADEB8A641;
			remoteInfo = "React-jsiexecutor";
		};
		CA275C522550353E009A72FC /* PBXContainerItemProxy */ = {
			isa = PBXContainerItemProxy;
			containerPortal = CA275BF62550353E009A72FC /* Pods.xcodeproj */;
			proxyType = 2;
			remoteGlobalIDString = 2577F299FCB0A19824FE989BE77B8E8F;
			remoteInfo = "React-jsinspector";
		};
		CA275C542550353E009A72FC /* PBXContainerItemProxy */ = {
			isa = PBXContainerItemProxy;
			containerPortal = CA275BF62550353E009A72FC /* Pods.xcodeproj */;
			proxyType = 2;
			remoteGlobalIDString = FE7B9294FF05AAFD1653E2104E10844A;
			remoteInfo = "React-RCTAnimation";
		};
		CA275C562550353E009A72FC /* PBXContainerItemProxy */ = {
			isa = PBXContainerItemProxy;
			containerPortal = CA275BF62550353E009A72FC /* Pods.xcodeproj */;
			proxyType = 2;
			remoteGlobalIDString = F71EBF73F354B475D465FF6DE9A66707;
			remoteInfo = "React-RCTBlob";
		};
		CA275C582550353E009A72FC /* PBXContainerItemProxy */ = {
			isa = PBXContainerItemProxy;
			containerPortal = CA275BF62550353E009A72FC /* Pods.xcodeproj */;
			proxyType = 2;
			remoteGlobalIDString = EEDBF403E8E0B3885E65C2741B536BC5;
			remoteInfo = "React-RCTImage";
		};
		CA275C5A2550353E009A72FC /* PBXContainerItemProxy */ = {
			isa = PBXContainerItemProxy;
			containerPortal = CA275BF62550353E009A72FC /* Pods.xcodeproj */;
			proxyType = 2;
			remoteGlobalIDString = 802121F5B756ACBFDD6D08C36246DADD;
			remoteInfo = "React-RCTLinking";
		};
		CA275C5C2550353E009A72FC /* PBXContainerItemProxy */ = {
			isa = PBXContainerItemProxy;
			containerPortal = CA275BF62550353E009A72FC /* Pods.xcodeproj */;
			proxyType = 2;
			remoteGlobalIDString = A68E5A9B69A3BA0FD52CAF7A354EC93B;
			remoteInfo = "React-RCTNetwork";
		};
		CA275C5E2550353E009A72FC /* PBXContainerItemProxy */ = {
			isa = PBXContainerItemProxy;
			containerPortal = CA275BF62550353E009A72FC /* Pods.xcodeproj */;
			proxyType = 2;
			remoteGlobalIDString = 269BE773C9482484B70949A40F4EA525;
			remoteInfo = "React-RCTSettings";
		};
		CA275C602550353E009A72FC /* PBXContainerItemProxy */ = {
			isa = PBXContainerItemProxy;
			containerPortal = CA275BF62550353E009A72FC /* Pods.xcodeproj */;
			proxyType = 2;
			remoteGlobalIDString = E6A16705C69FC7DE11C2469A4A0F8358;
			remoteInfo = "React-RCTText";
		};
		CA275C622550353E009A72FC /* PBXContainerItemProxy */ = {
			isa = PBXContainerItemProxy;
			containerPortal = CA275BF62550353E009A72FC /* Pods.xcodeproj */;
			proxyType = 2;
			remoteGlobalIDString = C1A919103EAC9813D236486C34FC0A21;
			remoteInfo = "React-RCTVibration";
		};
		CA275C642550353E009A72FC /* PBXContainerItemProxy */ = {
			isa = PBXContainerItemProxy;
			containerPortal = CA275BF62550353E009A72FC /* Pods.xcodeproj */;
			proxyType = 2;
			remoteGlobalIDString = D5C775614AC76D44CECB6BE08B022F1F;
			remoteInfo = ReactCommon;
		};
		CA275C662550353E009A72FC /* PBXContainerItemProxy */ = {
			isa = PBXContainerItemProxy;
			containerPortal = CA275BF62550353E009A72FC /* Pods.xcodeproj */;
			proxyType = 2;
			remoteGlobalIDString = 65D0A19C165FA1126B1360680FE6DB12;
			remoteInfo = Yoga;
		};
		CA5BA89C2564394900ED44FE /* PBXContainerItemProxy */ = {
			isa = PBXContainerItemProxy;
			containerPortal = CA275BF62550353E009A72FC /* Pods.xcodeproj */;
			proxyType = 2;
			remoteGlobalIDString = B058F035CFD84ECBF8414E4EAE5834FC;
			remoteInfo = "react-native-video";
		};
		CA5E042625526A240084C960 /* PBXContainerItemProxy */ = {
			isa = PBXContainerItemProxy;
			containerPortal = CA275BF62550353E009A72FC /* Pods.xcodeproj */;
			proxyType = 2;
			remoteGlobalIDString = 3501832F51E21BCD681DC315B3424B43;
			remoteInfo = BVLinearGradient;
		};
		CA5E042825526A240084C960 /* PBXContainerItemProxy */ = {
			isa = PBXContainerItemProxy;
			containerPortal = CA275BF62550353E009A72FC /* Pods.xcodeproj */;
			proxyType = 2;
			remoteGlobalIDString = 52FCF98CEFF94C742080B6965D537AD0;
			remoteInfo = "react-native-safe-area-context";
		};
		CA5E042A25526A240084C960 /* PBXContainerItemProxy */ = {
			isa = PBXContainerItemProxy;
			containerPortal = CA275BF62550353E009A72FC /* Pods.xcodeproj */;
			proxyType = 2;
			remoteGlobalIDString = 5737DDB4BC95AD399B3206838AB97095;
			remoteInfo = RNCAsyncStorage;
		};
		CA5E042C25526A240084C960 /* PBXContainerItemProxy */ = {
			isa = PBXContainerItemProxy;
			containerPortal = CA275BF62550353E009A72FC /* Pods.xcodeproj */;
			proxyType = 2;
			remoteGlobalIDString = B8CD4B9B578CE9FA38114B638C9CAA78;
			remoteInfo = RNCMaskedView;
		};
		CA5E042E25526A240084C960 /* PBXContainerItemProxy */ = {
			isa = PBXContainerItemProxy;
			containerPortal = CA275BF62550353E009A72FC /* Pods.xcodeproj */;
			proxyType = 2;
			remoteGlobalIDString = 8F65F9361F2069CF9E9D751272968DE4;
			remoteInfo = RNGestureHandler;
		};
		CA5E043025526A240084C960 /* PBXContainerItemProxy */ = {
			isa = PBXContainerItemProxy;
			containerPortal = CA275BF62550353E009A72FC /* Pods.xcodeproj */;
			proxyType = 2;
			remoteGlobalIDString = C777CF2FB1E39A45CBBDB54E8693F471;
			remoteInfo = RNReanimated;
		};
		CA5E043225526A240084C960 /* PBXContainerItemProxy */ = {
			isa = PBXContainerItemProxy;
			containerPortal = CA275BF62550353E009A72FC /* Pods.xcodeproj */;
			proxyType = 2;
			remoteGlobalIDString = 50B5347C9A6E93B7D4CFC3673BA6FB7E;
			remoteInfo = RNScreens;
		};
		CA92BE342566DC6200DBFCCD /* PBXContainerItemProxy */ = {
			isa = PBXContainerItemProxy;
			containerPortal = CA275BF62550353E009A72FC /* Pods.xcodeproj */;
			proxyType = 2;
			remoteGlobalIDString = 5CA9E6FE438CE79CD76FA3B34CC95836;
			remoteInfo = "Google-Maps-iOS-Utils";
		};
		CA92BE362566DC6200DBFCCD /* PBXContainerItemProxy */ = {
			isa = PBXContainerItemProxy;
			containerPortal = CA275BF62550353E009A72FC /* Pods.xcodeproj */;
			proxyType = 2;
			remoteGlobalIDString = F7D4CFD8007E1491802305A2021EB56D;
			remoteInfo = "react-native-google-maps";
		};
		CA92BE382566DC6200DBFCCD /* PBXContainerItemProxy */ = {
			isa = PBXContainerItemProxy;
			containerPortal = CA275BF62550353E009A72FC /* Pods.xcodeproj */;
			proxyType = 2;
			remoteGlobalIDString = 2F955107B98F1B5213C3C9F4CAB1EDB5;
			remoteInfo = "react-native-maps";
		};
		CAE4E2A12566555C00B10182 /* PBXContainerItemProxy */ = {
			isa = PBXContainerItemProxy;
			containerPortal = CA275BF62550353E009A72FC /* Pods.xcodeproj */;
			proxyType = 2;
			remoteGlobalIDString = 3AEA4A114C08533A2C0F8E039A4C5EB9;
			remoteInfo = RNImageCropPicker;
		};
		CAE4E2A32566555C00B10182 /* PBXContainerItemProxy */ = {
			isa = PBXContainerItemProxy;
			containerPortal = CA275BF62550353E009A72FC /* Pods.xcodeproj */;
			proxyType = 2;
			remoteGlobalIDString = 3DCCC9C42EB3E07CFD81800EC8A2515D;
			remoteInfo = "RNImageCropPicker-QBImagePicker";
		};
		CAE4E2A52566555C00B10182 /* PBXContainerItemProxy */ = {
			isa = PBXContainerItemProxy;
			containerPortal = CA275BF62550353E009A72FC /* Pods.xcodeproj */;
			proxyType = 2;
			remoteGlobalIDString = 7862C607B7BE0510C2D65193F9B4B4F9;
			remoteInfo = TOCropViewController;
		};
		CAE4E2A72566555C00B10182 /* PBXContainerItemProxy */ = {
			isa = PBXContainerItemProxy;
			containerPortal = CA275BF62550353E009A72FC /* Pods.xcodeproj */;
			proxyType = 2;
			remoteGlobalIDString = FE1E812071397E31AE21DFF368B781B1;
			remoteInfo = "TOCropViewController-TOCropViewControllerBundle";
		};
/* End PBXContainerItemProxy section */

/* Begin PBXFileReference section */
		008F07F21AC5B25A0029DE68 /* main.jsbundle */ = {isa = PBXFileReference; fileEncoding = 4; lastKnownFileType = text; path = main.jsbundle; sourceTree = "<group>"; };
		00E356EE1AD99517003FC87E /* PherapeuticTests.xctest */ = {isa = PBXFileReference; explicitFileType = wrapper.cfbundle; includeInIndex = 0; path = PherapeuticTests.xctest; sourceTree = BUILT_PRODUCTS_DIR; };
		00E356F11AD99517003FC87E /* Info.plist */ = {isa = PBXFileReference; lastKnownFileType = text.plist.xml; path = Info.plist; sourceTree = "<group>"; };
		00E356F21AD99517003FC87E /* PherapeuticTests.m */ = {isa = PBXFileReference; lastKnownFileType = sourcecode.c.objc; path = PherapeuticTests.m; sourceTree = "<group>"; };
		13B07F961A680F5B00A75B9A /* Pherapeutic.app */ = {isa = PBXFileReference; explicitFileType = wrapper.application; includeInIndex = 0; path = Pherapeutic.app; sourceTree = BUILT_PRODUCTS_DIR; };
		13B07FAF1A68108700A75B9A /* AppDelegate.h */ = {isa = PBXFileReference; fileEncoding = 4; lastKnownFileType = sourcecode.c.h; name = AppDelegate.h; path = Pherapeutic/AppDelegate.h; sourceTree = "<group>"; };
		13B07FB01A68108700A75B9A /* AppDelegate.m */ = {isa = PBXFileReference; fileEncoding = 4; lastKnownFileType = sourcecode.c.objc; name = AppDelegate.m; path = Pherapeutic/AppDelegate.m; sourceTree = "<group>"; };
		13B07FB51A68108700A75B9A /* Images.xcassets */ = {isa = PBXFileReference; lastKnownFileType = folder.assetcatalog; name = Images.xcassets; path = Pherapeutic/Images.xcassets; sourceTree = "<group>"; };
		13B07FB61A68108700A75B9A /* Info.plist */ = {isa = PBXFileReference; fileEncoding = 4; lastKnownFileType = text.plist.xml; name = Info.plist; path = Pherapeutic/Info.plist; sourceTree = "<group>"; };
		13B07FB71A68108700A75B9A /* main.m */ = {isa = PBXFileReference; fileEncoding = 4; lastKnownFileType = sourcecode.c.objc; name = main.m; path = Pherapeutic/main.m; sourceTree = "<group>"; };
		1D39BBA12577A65300750159 /* libswiftWebKit.tbd */ = {isa = PBXFileReference; lastKnownFileType = "sourcecode.text-based-dylib-definition"; name = libswiftWebKit.tbd; path = usr/lib/swift/libswiftWebKit.tbd; sourceTree = SDKROOT; };
		1D57BBD3257A5BF0009ED500 /* GoogleService-Info.plist */ = {isa = PBXFileReference; fileEncoding = 4; lastKnownFileType = text.plist.xml; path = "GoogleService-Info.plist"; sourceTree = "<group>"; };
		2D02E47B1E0B4A5D006451C7 /* Pherapeutic-tvOS.app */ = {isa = PBXFileReference; explicitFileType = wrapper.application; includeInIndex = 0; path = "Pherapeutic-tvOS.app"; sourceTree = BUILT_PRODUCTS_DIR; };
		2D02E4901E0B4A5D006451C7 /* Pherapeutic-tvOSTests.xctest */ = {isa = PBXFileReference; explicitFileType = wrapper.cfbundle; includeInIndex = 0; path = "Pherapeutic-tvOSTests.xctest"; sourceTree = BUILT_PRODUCTS_DIR; };
		3F3DB23FC00BC6262991C12C /* Pods-Pherapeutic-PherapeuticTests.release.xcconfig */ = {isa = PBXFileReference; includeInIndex = 1; lastKnownFileType = text.xcconfig; name = "Pods-Pherapeutic-PherapeuticTests.release.xcconfig"; path = "Target Support Files/Pods-Pherapeutic-PherapeuticTests/Pods-Pherapeutic-PherapeuticTests.release.xcconfig"; sourceTree = "<group>"; };
		4055DE31D3F6B45FE896B936 /* Pods-Pherapeutic-tvOSTests.release.xcconfig */ = {isa = PBXFileReference; includeInIndex = 1; lastKnownFileType = text.xcconfig; name = "Pods-Pherapeutic-tvOSTests.release.xcconfig"; path = "Target Support Files/Pods-Pherapeutic-tvOSTests/Pods-Pherapeutic-tvOSTests.release.xcconfig"; sourceTree = "<group>"; };
		755E585BB9C629FF1AB7ED46 /* Pods-Pherapeutic-PherapeuticTests.debug.xcconfig */ = {isa = PBXFileReference; includeInIndex = 1; lastKnownFileType = text.xcconfig; name = "Pods-Pherapeutic-PherapeuticTests.debug.xcconfig"; path = "Target Support Files/Pods-Pherapeutic-PherapeuticTests/Pods-Pherapeutic-PherapeuticTests.debug.xcconfig"; sourceTree = "<group>"; };
		81AB9BB72411601600AC10FF /* LaunchScreen.storyboard */ = {isa = PBXFileReference; fileEncoding = 4; lastKnownFileType = file.storyboard; name = LaunchScreen.storyboard; path = Pherapeutic/LaunchScreen.storyboard; sourceTree = "<group>"; };
		88812A63D0A2F1696CF89D12 /* Pods-Pherapeutic-tvOS.debug.xcconfig */ = {isa = PBXFileReference; includeInIndex = 1; lastKnownFileType = text.xcconfig; name = "Pods-Pherapeutic-tvOS.debug.xcconfig"; path = "Target Support Files/Pods-Pherapeutic-tvOS/Pods-Pherapeutic-tvOS.debug.xcconfig"; sourceTree = "<group>"; };
		8BE0E6B153E85FB15B31DA39 /* libPods-Pherapeutic-tvOS.a */ = {isa = PBXFileReference; explicitFileType = archive.ar; includeInIndex = 0; path = "libPods-Pherapeutic-tvOS.a"; sourceTree = BUILT_PRODUCTS_DIR; };
		8CB1E8DE50075827F01478DA /* Pods-Pherapeutic-tvOSTests.debug.xcconfig */ = {isa = PBXFileReference; includeInIndex = 1; lastKnownFileType = text.xcconfig; name = "Pods-Pherapeutic-tvOSTests.debug.xcconfig"; path = "Target Support Files/Pods-Pherapeutic-tvOSTests/Pods-Pherapeutic-tvOSTests.debug.xcconfig"; sourceTree = "<group>"; };
		90203B2A491EBBD851C4FF30 /* Pods-Pherapeutic.debug.xcconfig */ = {isa = PBXFileReference; includeInIndex = 1; lastKnownFileType = text.xcconfig; name = "Pods-Pherapeutic.debug.xcconfig"; path = "Target Support Files/Pods-Pherapeutic/Pods-Pherapeutic.debug.xcconfig"; sourceTree = "<group>"; };
		B44B80C171FCE010CF88659D /* Pods-Pherapeutic-tvOS.release.xcconfig */ = {isa = PBXFileReference; includeInIndex = 1; lastKnownFileType = text.xcconfig; name = "Pods-Pherapeutic-tvOS.release.xcconfig"; path = "Target Support Files/Pods-Pherapeutic-tvOS/Pods-Pherapeutic-tvOS.release.xcconfig"; sourceTree = "<group>"; };
		CA213137257F99F100FF60E5 /* Pherapeutic.entitlements */ = {isa = PBXFileReference; lastKnownFileType = text.plist.entitlements; name = Pherapeutic.entitlements; path = Pherapeutic/Pherapeutic.entitlements; sourceTree = "<group>"; };
		CA275BF62550353E009A72FC /* Pods.xcodeproj */ = {isa = PBXFileReference; lastKnownFileType = "wrapper.pb-project"; name = Pods.xcodeproj; path = Pods/Pods.xcodeproj; sourceTree = "<group>"; };
		CACFF8BC9208D51390DFAB27 /* libPods-Pherapeutic.a */ = {isa = PBXFileReference; explicitFileType = archive.ar; includeInIndex = 0; path = "libPods-Pherapeutic.a"; sourceTree = BUILT_PRODUCTS_DIR; };
		DF67247614E1A351E28D0FCE /* Pods-Pherapeutic.release.xcconfig */ = {isa = PBXFileReference; includeInIndex = 1; lastKnownFileType = text.xcconfig; name = "Pods-Pherapeutic.release.xcconfig"; path = "Target Support Files/Pods-Pherapeutic/Pods-Pherapeutic.release.xcconfig"; sourceTree = "<group>"; };
		ED297162215061F000B7C4FE /* JavaScriptCore.framework */ = {isa = PBXFileReference; lastKnownFileType = wrapper.framework; name = JavaScriptCore.framework; path = System/Library/Frameworks/JavaScriptCore.framework; sourceTree = SDKROOT; };
		ED2971642150620600B7C4FE /* JavaScriptCore.framework */ = {isa = PBXFileReference; lastKnownFileType = wrapper.framework; name = JavaScriptCore.framework; path = Platforms/AppleTVOS.platform/Developer/SDKs/AppleTVOS12.0.sdk/System/Library/Frameworks/JavaScriptCore.framework; sourceTree = DEVELOPER_DIR; };
		F04A5DBE2B085A9DE134214C /* libPods-Pherapeutic-PherapeuticTests.a */ = {isa = PBXFileReference; explicitFileType = archive.ar; includeInIndex = 0; path = "libPods-Pherapeutic-PherapeuticTests.a"; sourceTree = BUILT_PRODUCTS_DIR; };
		F36CE8BE84670BA02A1FC8DF /* libPods-Pherapeutic-tvOSTests.a */ = {isa = PBXFileReference; explicitFileType = archive.ar; includeInIndex = 0; path = "libPods-Pherapeutic-tvOSTests.a"; sourceTree = BUILT_PRODUCTS_DIR; };
/* End PBXFileReference section */

/* Begin PBXFrameworksBuildPhase section */
		00E356EB1AD99517003FC87E /* Frameworks */ = {
			isa = PBXFrameworksBuildPhase;
			buildActionMask = 2147483647;
			files = (
				5C144EDA7A91F03985472CE3 /* libPods-Pherapeutic-PherapeuticTests.a in Frameworks */,
			);
			runOnlyForDeploymentPostprocessing = 0;
		};
		13B07F8C1A680F5B00A75B9A /* Frameworks */ = {
			isa = PBXFrameworksBuildPhase;
			buildActionMask = 2147483647;
			files = (
				7C7AD556B285A502401EE2D3 /* libPods-Pherapeutic.a in Frameworks */,
			);
			runOnlyForDeploymentPostprocessing = 0;
		};
		2D02E4781E0B4A5D006451C7 /* Frameworks */ = {
			isa = PBXFrameworksBuildPhase;
			buildActionMask = 2147483647;
			files = (
				28C35B0C13A8F635D36E2648 /* libPods-Pherapeutic-tvOS.a in Frameworks */,
			);
			runOnlyForDeploymentPostprocessing = 0;
		};
		2D02E48D1E0B4A5D006451C7 /* Frameworks */ = {
			isa = PBXFrameworksBuildPhase;
			buildActionMask = 2147483647;
			files = (
				BE8F541C30504D734D655061 /* libPods-Pherapeutic-tvOSTests.a in Frameworks */,
			);
			runOnlyForDeploymentPostprocessing = 0;
		};
/* End PBXFrameworksBuildPhase section */

/* Begin PBXGroup section */
		00E356EF1AD99517003FC87E /* PherapeuticTests */ = {
			isa = PBXGroup;
			children = (
				00E356F21AD99517003FC87E /* PherapeuticTests.m */,
				00E356F01AD99517003FC87E /* Supporting Files */,
			);
			path = PherapeuticTests;
			sourceTree = "<group>";
		};
		00E356F01AD99517003FC87E /* Supporting Files */ = {
			isa = PBXGroup;
			children = (
				00E356F11AD99517003FC87E /* Info.plist */,
			);
			name = "Supporting Files";
			sourceTree = "<group>";
		};
		13B07FAE1A68108700A75B9A /* Pherapeutic */ = {
			isa = PBXGroup;
			children = (
				CA213137257F99F100FF60E5 /* Pherapeutic.entitlements */,
				1D57BBD3257A5BF0009ED500 /* GoogleService-Info.plist */,
				008F07F21AC5B25A0029DE68 /* main.jsbundle */,
				13B07FAF1A68108700A75B9A /* AppDelegate.h */,
				13B07FB01A68108700A75B9A /* AppDelegate.m */,
				13B07FB51A68108700A75B9A /* Images.xcassets */,
				13B07FB61A68108700A75B9A /* Info.plist */,
				81AB9BB72411601600AC10FF /* LaunchScreen.storyboard */,
				13B07FB71A68108700A75B9A /* main.m */,
			);
			name = Pherapeutic;
			sourceTree = "<group>";
		};
		2D16E6871FA4F8E400B85C8A /* Frameworks */ = {
			isa = PBXGroup;
			children = (
				1D39BBA12577A65300750159 /* libswiftWebKit.tbd */,
				CA275BF62550353E009A72FC /* Pods.xcodeproj */,
				ED297162215061F000B7C4FE /* JavaScriptCore.framework */,
				ED2971642150620600B7C4FE /* JavaScriptCore.framework */,
				CACFF8BC9208D51390DFAB27 /* libPods-Pherapeutic.a */,
				F04A5DBE2B085A9DE134214C /* libPods-Pherapeutic-PherapeuticTests.a */,
				8BE0E6B153E85FB15B31DA39 /* libPods-Pherapeutic-tvOS.a */,
				F36CE8BE84670BA02A1FC8DF /* libPods-Pherapeutic-tvOSTests.a */,
			);
			name = Frameworks;
			sourceTree = "<group>";
		};
		832341AE1AAA6A7D00B99B32 /* Libraries */ = {
			isa = PBXGroup;
			children = (
			);
			name = Libraries;
			sourceTree = "<group>";
		};
		83CBB9F61A601CBA00E9B192 = {
			isa = PBXGroup;
			children = (
				13B07FAE1A68108700A75B9A /* Pherapeutic */,
				832341AE1AAA6A7D00B99B32 /* Libraries */,
				00E356EF1AD99517003FC87E /* PherapeuticTests */,
				83CBBA001A601CBA00E9B192 /* Products */,
				2D16E6871FA4F8E400B85C8A /* Frameworks */,
				C3A5C3B5F90CD47237300003 /* Pods */,
			);
			indentWidth = 2;
			sourceTree = "<group>";
			tabWidth = 2;
			usesTabs = 0;
		};
		83CBBA001A601CBA00E9B192 /* Products */ = {
			isa = PBXGroup;
			children = (
				13B07F961A680F5B00A75B9A /* Pherapeutic.app */,
				00E356EE1AD99517003FC87E /* PherapeuticTests.xctest */,
				2D02E47B1E0B4A5D006451C7 /* Pherapeutic-tvOS.app */,
				2D02E4901E0B4A5D006451C7 /* Pherapeutic-tvOSTests.xctest */,
			);
			name = Products;
			sourceTree = "<group>";
		};
		C3A5C3B5F90CD47237300003 /* Pods */ = {
			isa = PBXGroup;
			children = (
				90203B2A491EBBD851C4FF30 /* Pods-Pherapeutic.debug.xcconfig */,
				DF67247614E1A351E28D0FCE /* Pods-Pherapeutic.release.xcconfig */,
				755E585BB9C629FF1AB7ED46 /* Pods-Pherapeutic-PherapeuticTests.debug.xcconfig */,
				3F3DB23FC00BC6262991C12C /* Pods-Pherapeutic-PherapeuticTests.release.xcconfig */,
				88812A63D0A2F1696CF89D12 /* Pods-Pherapeutic-tvOS.debug.xcconfig */,
				B44B80C171FCE010CF88659D /* Pods-Pherapeutic-tvOS.release.xcconfig */,
				8CB1E8DE50075827F01478DA /* Pods-Pherapeutic-tvOSTests.debug.xcconfig */,
				4055DE31D3F6B45FE896B936 /* Pods-Pherapeutic-tvOSTests.release.xcconfig */,
			);
			path = Pods;
			sourceTree = "<group>";
		};
		CA275BF72550353E009A72FC /* Products */ = {
			isa = PBXGroup;
			children = (
				1D57BBC0257A5B64009ED500 /* libAppAuth.a */,
				CA5E042725526A240084C960 /* libBVLinearGradient.a */,
				CA275C272550353E009A72FC /* libDoubleConversion.a */,
				CA275C292550353E009A72FC /* libFBReactNativeSpec.a */,
				1D39BBD72577A65300750159 /* libFBSDKCoreKit.a */,
				1D39BBD92577A65300750159 /* libFBSDKLoginKit.a */,
				1D39BBDB2577A65300750159 /* libFBSDKShareKit.a */,
				1D2AA7E7258528B000AE8E91 /* libFirebaseCore.a */,
				1D2AA7E9258528B000AE8E91 /* libFirebaseCoreDiagnostics.a */,
				1D2AA7EB258528B000AE8E91 /* libFirebaseInstallations.a */,
				1D2AA7ED258528B000AE8E91 /* libFirebaseInstanceID.a */,
				1D2AA7EF258528B000AE8E91 /* libFirebaseMessaging.a */,
				CA275C392550353E009A72FC /* libFolly.a */,
				CA275C3B2550353E009A72FC /* libglog.a */,
				CA92BE352566DC6200DBFCCD /* libGoogle-Maps-iOS-Utils.a */,
				1D2AA7F1258528B000AE8E91 /* libGoogleDataTransport.a */,
				1D2AA7F3258528B000AE8E91 /* libGoogleUtilities.a */,
				1D57BBC2257A5B64009ED500 /* libGTMAppAuth.a */,
				1D57BBC4257A5B64009ED500 /* libGTMSessionFetcher.a */,
				1D2AA7F5258528B000AE8E91 /* libnanopb.a */,
				CA275C3D2550353E009A72FC /* libPods-Pherapeutic.a */,
				CA275C3F2550353E009A72FC /* libPods-Pherapeutic-PherapeuticTests.a */,
				CA275C412550353E009A72FC /* libPods-Pherapeutic-tvOS.a */,
				CA275C432550353E009A72FC /* libPods-Pherapeutic-tvOSTests.a */,
				1D2AA7F7258528B000AE8E91 /* libPromisesObjC.a */,
				CA275C452550353E009A72FC /* libRCTTypeSafety.a */,
				CA275C472550353E009A72FC /* libReact-Core.a */,
				CA275C492550353E009A72FC /* AccessibilityResources.bundle */,
				CA275C4B2550353E009A72FC /* libReact-CoreModules.a */,
				CA275C4D2550353E009A72FC /* libReact-cxxreact.a */,
				CA275C4F2550353E009A72FC /* libReact-jsi.a */,
				CA275C512550353E009A72FC /* libReact-jsiexecutor.a */,
				CA275C532550353E009A72FC /* libReact-jsinspector.a */,
				1D2AA7F9258528B000AE8E91 /* libreact-native-agora.a */,
				1D39BBDD2577A65300750159 /* libreact-native-fbsdk.a */,
				1D78793D2578176A00565919 /* libreact-native-geolocation.a */,
				CA92BE372566DC6200DBFCCD /* libreact-native-google-maps.a */,
				CA92BE392566DC6200DBFCCD /* libreact-native-maps.a */,
				1D5F9FA225AE1A19002CBD7D /* libreact-native-netinfo.a */,
				CA5E042925526A240084C960 /* libreact-native-safe-area-context.a */,
				1D17A0B525A8D30C005A2177 /* libreact-native-splash-screen.a */,
				CA5BA89D2564394900ED44FE /* libreact-native-video.a */,
				1D17A0B725A8D30C005A2177 /* libreact-native-webview.a */,
				CA275C552550353E009A72FC /* libReact-RCTAnimation.a */,
				CA275C572550353E009A72FC /* libReact-RCTBlob.a */,
				CA275C592550353E009A72FC /* libReact-RCTImage.a */,
				CA275C5B2550353E009A72FC /* libReact-RCTLinking.a */,
				CA275C5D2550353E009A72FC /* libReact-RCTNetwork.a */,
				CA275C5F2550353E009A72FC /* libReact-RCTSettings.a */,
				CA275C612550353E009A72FC /* libReact-RCTText.a */,
				CA275C632550353E009A72FC /* libReact-RCTVibration.a */,
				CA275C652550353E009A72FC /* libReactCommon.a */,
				CA5E042B25526A240084C960 /* libRNCAsyncStorage.a */,
				1D1EF55525B440BF00DF7494 /* libRNCCheckbox.a */,
				CA5E042D25526A240084C960 /* libRNCMaskedView.a */,
				1D2AA7FB258528B000AE8E91 /* libRNFBApp.a */,
				1D2AA7FD258528B000AE8E91 /* libRNFBMessaging.a */,
				CA5E042F25526A240084C960 /* libRNGestureHandler.a */,
				1D57BBC6257A5B64009ED500 /* libRNGoogleSignin.a */,
				CAE4E2A22566555C00B10182 /* libRNImageCropPicker.a */,
				CAE4E2A42566555C00B10182 /* QBImagePicker.bundle */,
				CA5E043125526A240084C960 /* libRNReanimated.a */,
				CA5E043325526A240084C960 /* libRNScreens.a */,
				CAE4E2A62566555C00B10182 /* libTOCropViewController.a */,
				CAE4E2A82566555C00B10182 /* TOCropViewControllerBundle.bundle */,
				CA275C672550353E009A72FC /* libYoga.a */,
			);
			name = Products;
			sourceTree = "<group>";
		};
/* End PBXGroup section */

/* Begin PBXNativeTarget section */
		00E356ED1AD99517003FC87E /* PherapeuticTests */ = {
			isa = PBXNativeTarget;
			buildConfigurationList = 00E357021AD99517003FC87E /* Build configuration list for PBXNativeTarget "PherapeuticTests" */;
			buildPhases = (
				E8F06AFE3703EE404815A60E /* [CP] Check Pods Manifest.lock */,
				00E356EA1AD99517003FC87E /* Sources */,
				00E356EB1AD99517003FC87E /* Frameworks */,
				00E356EC1AD99517003FC87E /* Resources */,
				FBDCD9FCD77C5BCF7F13319F /* [CP] Copy Pods Resources */,
				A69A959E051F2F9FE0CC82DA /* [CP] Embed Pods Frameworks */,
			);
			buildRules = (
			);
			dependencies = (
				00E356F51AD99517003FC87E /* PBXTargetDependency */,
			);
			name = PherapeuticTests;
			productName = PherapeuticTests;
			productReference = 00E356EE1AD99517003FC87E /* PherapeuticTests.xctest */;
			productType = "com.apple.product-type.bundle.unit-test";
		};
		13B07F861A680F5B00A75B9A /* Pherapeutic */ = {
			isa = PBXNativeTarget;
			buildConfigurationList = 13B07F931A680F5B00A75B9A /* Build configuration list for PBXNativeTarget "Pherapeutic" */;
			buildPhases = (
				992007E0CF709BD986D21E7C /* [CP] Check Pods Manifest.lock */,
				FD10A7F022414F080027D42C /* Start Packager */,
				13B07F871A680F5B00A75B9A /* Sources */,
				13B07F8C1A680F5B00A75B9A /* Frameworks */,
				13B07F8E1A680F5B00A75B9A /* Resources */,
				00DD1BFF1BD5951E006B06BC /* Bundle React Native code and images */,
				00AD87C47A33F04104760FD2 /* [CP] Copy Pods Resources */,
				C2A9FF0C2A1398D88413DFC4 /* [CP] Embed Pods Frameworks */,
				3B81E49D589290D7AAB44EB1 /* [CP-User] [RNFB] Core Configuration */,
			);
			buildRules = (
			);
			dependencies = (
			);
			name = Pherapeutic;
			productName = Pherapeutic;
			productReference = 13B07F961A680F5B00A75B9A /* Pherapeutic.app */;
			productType = "com.apple.product-type.application";
		};
		2D02E47A1E0B4A5D006451C7 /* Pherapeutic-tvOS */ = {
			isa = PBXNativeTarget;
			buildConfigurationList = 2D02E4BA1E0B4A5E006451C7 /* Build configuration list for PBXNativeTarget "Pherapeutic-tvOS" */;
			buildPhases = (
				63E7BEE18DAD7952360B16B3 /* [CP] Check Pods Manifest.lock */,
				FD10A7F122414F3F0027D42C /* Start Packager */,
				2D02E4771E0B4A5D006451C7 /* Sources */,
				2D02E4781E0B4A5D006451C7 /* Frameworks */,
				2D02E4791E0B4A5D006451C7 /* Resources */,
				2D02E4CB1E0B4B27006451C7 /* Bundle React Native Code And Images */,
			);
			buildRules = (
			);
			dependencies = (
			);
			name = "Pherapeutic-tvOS";
			productName = "Pherapeutic-tvOS";
			productReference = 2D02E47B1E0B4A5D006451C7 /* Pherapeutic-tvOS.app */;
			productType = "com.apple.product-type.application";
		};
		2D02E48F1E0B4A5D006451C7 /* Pherapeutic-tvOSTests */ = {
			isa = PBXNativeTarget;
			buildConfigurationList = 2D02E4BB1E0B4A5E006451C7 /* Build configuration list for PBXNativeTarget "Pherapeutic-tvOSTests" */;
			buildPhases = (
				474CC1D5B29FA61E88DFBD7F /* [CP] Check Pods Manifest.lock */,
				2D02E48C1E0B4A5D006451C7 /* Sources */,
				2D02E48D1E0B4A5D006451C7 /* Frameworks */,
				2D02E48E1E0B4A5D006451C7 /* Resources */,
			);
			buildRules = (
			);
			dependencies = (
				2D02E4921E0B4A5D006451C7 /* PBXTargetDependency */,
			);
			name = "Pherapeutic-tvOSTests";
			productName = "Pherapeutic-tvOSTests";
			productReference = 2D02E4901E0B4A5D006451C7 /* Pherapeutic-tvOSTests.xctest */;
			productType = "com.apple.product-type.bundle.unit-test";
		};
/* End PBXNativeTarget section */

/* Begin PBXProject section */
		83CBB9F71A601CBA00E9B192 /* Project object */ = {
			isa = PBXProject;
			attributes = {
				LastUpgradeCheck = 1130;
				TargetAttributes = {
					00E356ED1AD99517003FC87E = {
						CreatedOnToolsVersion = 6.2;
						TestTargetID = 13B07F861A680F5B00A75B9A;
					};
					13B07F861A680F5B00A75B9A = {
						DevelopmentTeam = YG6SRDRW2J;
						LastSwiftMigration = 1120;
						ProvisioningStyle = Automatic;
					};
					2D02E47A1E0B4A5D006451C7 = {
						CreatedOnToolsVersion = 8.2.1;
						ProvisioningStyle = Automatic;
					};
					2D02E48F1E0B4A5D006451C7 = {
						CreatedOnToolsVersion = 8.2.1;
						ProvisioningStyle = Automatic;
						TestTargetID = 2D02E47A1E0B4A5D006451C7;
					};
				};
			};
			buildConfigurationList = 83CBB9FA1A601CBA00E9B192 /* Build configuration list for PBXProject "Pherapeutic" */;
			compatibilityVersion = "Xcode 3.2";
			developmentRegion = en;
			hasScannedForEncodings = 0;
			knownRegions = (
				en,
				Base,
			);
			mainGroup = 83CBB9F61A601CBA00E9B192;
			productRefGroup = 83CBBA001A601CBA00E9B192 /* Products */;
			projectDirPath = "";
			projectReferences = (
				{
					ProductGroup = CA275BF72550353E009A72FC /* Products */;
					ProjectRef = CA275BF62550353E009A72FC /* Pods.xcodeproj */;
				},
			);
			projectRoot = "";
			targets = (
				13B07F861A680F5B00A75B9A /* Pherapeutic */,
				00E356ED1AD99517003FC87E /* PherapeuticTests */,
				2D02E47A1E0B4A5D006451C7 /* Pherapeutic-tvOS */,
				2D02E48F1E0B4A5D006451C7 /* Pherapeutic-tvOSTests */,
			);
		};
/* End PBXProject section */

/* Begin PBXReferenceProxy section */
		1D17A0B525A8D30C005A2177 /* libreact-native-splash-screen.a */ = {
			isa = PBXReferenceProxy;
			fileType = archive.ar;
			path = "libreact-native-splash-screen.a";
			remoteRef = 1D17A0B425A8D30C005A2177 /* PBXContainerItemProxy */;
			sourceTree = BUILT_PRODUCTS_DIR;
		};
		1D17A0B725A8D30C005A2177 /* libreact-native-webview.a */ = {
			isa = PBXReferenceProxy;
			fileType = archive.ar;
			path = "libreact-native-webview.a";
			remoteRef = 1D17A0B625A8D30C005A2177 /* PBXContainerItemProxy */;
			sourceTree = BUILT_PRODUCTS_DIR;
		};
		1D1EF55525B440BF00DF7494 /* libRNCCheckbox.a */ = {
			isa = PBXReferenceProxy;
			fileType = archive.ar;
			path = libRNCCheckbox.a;
			remoteRef = 1D1EF55425B440BF00DF7494 /* PBXContainerItemProxy */;
			sourceTree = BUILT_PRODUCTS_DIR;
		};
		1D2AA7E7258528B000AE8E91 /* libFirebaseCore.a */ = {
			isa = PBXReferenceProxy;
			fileType = archive.ar;
			path = libFirebaseCore.a;
			remoteRef = 1D2AA7E6258528B000AE8E91 /* PBXContainerItemProxy */;
			sourceTree = BUILT_PRODUCTS_DIR;
		};
		1D2AA7E9258528B000AE8E91 /* libFirebaseCoreDiagnostics.a */ = {
			isa = PBXReferenceProxy;
			fileType = archive.ar;
			path = libFirebaseCoreDiagnostics.a;
			remoteRef = 1D2AA7E8258528B000AE8E91 /* PBXContainerItemProxy */;
			sourceTree = BUILT_PRODUCTS_DIR;
		};
		1D2AA7EB258528B000AE8E91 /* libFirebaseInstallations.a */ = {
			isa = PBXReferenceProxy;
			fileType = archive.ar;
			path = libFirebaseInstallations.a;
			remoteRef = 1D2AA7EA258528B000AE8E91 /* PBXContainerItemProxy */;
			sourceTree = BUILT_PRODUCTS_DIR;
		};
		1D2AA7ED258528B000AE8E91 /* libFirebaseInstanceID.a */ = {
			isa = PBXReferenceProxy;
			fileType = archive.ar;
			path = libFirebaseInstanceID.a;
			remoteRef = 1D2AA7EC258528B000AE8E91 /* PBXContainerItemProxy */;
			sourceTree = BUILT_PRODUCTS_DIR;
		};
		1D2AA7EF258528B000AE8E91 /* libFirebaseMessaging.a */ = {
			isa = PBXReferenceProxy;
			fileType = archive.ar;
			path = libFirebaseMessaging.a;
			remoteRef = 1D2AA7EE258528B000AE8E91 /* PBXContainerItemProxy */;
			sourceTree = BUILT_PRODUCTS_DIR;
		};
		1D2AA7F1258528B000AE8E91 /* libGoogleDataTransport.a */ = {
			isa = PBXReferenceProxy;
			fileType = archive.ar;
			path = libGoogleDataTransport.a;
			remoteRef = 1D2AA7F0258528B000AE8E91 /* PBXContainerItemProxy */;
			sourceTree = BUILT_PRODUCTS_DIR;
		};
		1D2AA7F3258528B000AE8E91 /* libGoogleUtilities.a */ = {
			isa = PBXReferenceProxy;
			fileType = archive.ar;
			path = libGoogleUtilities.a;
			remoteRef = 1D2AA7F2258528B000AE8E91 /* PBXContainerItemProxy */;
			sourceTree = BUILT_PRODUCTS_DIR;
		};
		1D2AA7F5258528B000AE8E91 /* libnanopb.a */ = {
			isa = PBXReferenceProxy;
			fileType = archive.ar;
			path = libnanopb.a;
			remoteRef = 1D2AA7F4258528B000AE8E91 /* PBXContainerItemProxy */;
			sourceTree = BUILT_PRODUCTS_DIR;
		};
		1D2AA7F7258528B000AE8E91 /* libPromisesObjC.a */ = {
			isa = PBXReferenceProxy;
			fileType = archive.ar;
			path = libPromisesObjC.a;
			remoteRef = 1D2AA7F6258528B000AE8E91 /* PBXContainerItemProxy */;
			sourceTree = BUILT_PRODUCTS_DIR;
		};
		1D2AA7F9258528B000AE8E91 /* libreact-native-agora.a */ = {
			isa = PBXReferenceProxy;
			fileType = archive.ar;
			path = "libreact-native-agora.a";
			remoteRef = 1D2AA7F8258528B000AE8E91 /* PBXContainerItemProxy */;
			sourceTree = BUILT_PRODUCTS_DIR;
		};
		1D2AA7FB258528B000AE8E91 /* libRNFBApp.a */ = {
			isa = PBXReferenceProxy;
			fileType = archive.ar;
			path = libRNFBApp.a;
			remoteRef = 1D2AA7FA258528B000AE8E91 /* PBXContainerItemProxy */;
			sourceTree = BUILT_PRODUCTS_DIR;
		};
		1D2AA7FD258528B000AE8E91 /* libRNFBMessaging.a */ = {
			isa = PBXReferenceProxy;
			fileType = archive.ar;
			path = libRNFBMessaging.a;
			remoteRef = 1D2AA7FC258528B000AE8E91 /* PBXContainerItemProxy */;
			sourceTree = BUILT_PRODUCTS_DIR;
		};
		1D39BBD72577A65300750159 /* libFBSDKCoreKit.a */ = {
			isa = PBXReferenceProxy;
			fileType = archive.ar;
			path = libFBSDKCoreKit.a;
			remoteRef = 1D39BBD62577A65300750159 /* PBXContainerItemProxy */;
			sourceTree = BUILT_PRODUCTS_DIR;
		};
		1D39BBD92577A65300750159 /* libFBSDKLoginKit.a */ = {
			isa = PBXReferenceProxy;
			fileType = archive.ar;
			path = libFBSDKLoginKit.a;
			remoteRef = 1D39BBD82577A65300750159 /* PBXContainerItemProxy */;
			sourceTree = BUILT_PRODUCTS_DIR;
		};
		1D39BBDB2577A65300750159 /* libFBSDKShareKit.a */ = {
			isa = PBXReferenceProxy;
			fileType = archive.ar;
			path = libFBSDKShareKit.a;
			remoteRef = 1D39BBDA2577A65300750159 /* PBXContainerItemProxy */;
			sourceTree = BUILT_PRODUCTS_DIR;
		};
		1D39BBDD2577A65300750159 /* libreact-native-fbsdk.a */ = {
			isa = PBXReferenceProxy;
			fileType = archive.ar;
			path = "libreact-native-fbsdk.a";
			remoteRef = 1D39BBDC2577A65300750159 /* PBXContainerItemProxy */;
			sourceTree = BUILT_PRODUCTS_DIR;
		};
		1D57BBC0257A5B64009ED500 /* libAppAuth.a */ = {
			isa = PBXReferenceProxy;
			fileType = archive.ar;
			path = libAppAuth.a;
			remoteRef = 1D57BBBF257A5B64009ED500 /* PBXContainerItemProxy */;
			sourceTree = BUILT_PRODUCTS_DIR;
		};
		1D57BBC2257A5B64009ED500 /* libGTMAppAuth.a */ = {
			isa = PBXReferenceProxy;
			fileType = archive.ar;
			path = libGTMAppAuth.a;
			remoteRef = 1D57BBC1257A5B64009ED500 /* PBXContainerItemProxy */;
			sourceTree = BUILT_PRODUCTS_DIR;
		};
		1D57BBC4257A5B64009ED500 /* libGTMSessionFetcher.a */ = {
			isa = PBXReferenceProxy;
			fileType = archive.ar;
			path = libGTMSessionFetcher.a;
			remoteRef = 1D57BBC3257A5B64009ED500 /* PBXContainerItemProxy */;
			sourceTree = BUILT_PRODUCTS_DIR;
		};
		1D57BBC6257A5B64009ED500 /* libRNGoogleSignin.a */ = {
			isa = PBXReferenceProxy;
			fileType = archive.ar;
			path = libRNGoogleSignin.a;
			remoteRef = 1D57BBC5257A5B64009ED500 /* PBXContainerItemProxy */;
			sourceTree = BUILT_PRODUCTS_DIR;
		};
		1D5F9FA225AE1A19002CBD7D /* libreact-native-netinfo.a */ = {
			isa = PBXReferenceProxy;
			fileType = archive.ar;
			path = "libreact-native-netinfo.a";
			remoteRef = 1D5F9FA125AE1A19002CBD7D /* PBXContainerItemProxy */;
			sourceTree = BUILT_PRODUCTS_DIR;
		};
		1D78793D2578176A00565919 /* libreact-native-geolocation.a */ = {
			isa = PBXReferenceProxy;
			fileType = archive.ar;
			path = "libreact-native-geolocation.a";
			remoteRef = 1D78793C2578176A00565919 /* PBXContainerItemProxy */;
			sourceTree = BUILT_PRODUCTS_DIR;
		};
		CA275C272550353E009A72FC /* libDoubleConversion.a */ = {
			isa = PBXReferenceProxy;
			fileType = archive.ar;
			path = libDoubleConversion.a;
			remoteRef = CA275C262550353E009A72FC /* PBXContainerItemProxy */;
			sourceTree = BUILT_PRODUCTS_DIR;
		};
		CA275C292550353E009A72FC /* libFBReactNativeSpec.a */ = {
			isa = PBXReferenceProxy;
			fileType = archive.ar;
			path = libFBReactNativeSpec.a;
			remoteRef = CA275C282550353E009A72FC /* PBXContainerItemProxy */;
			sourceTree = BUILT_PRODUCTS_DIR;
		};
		CA275C392550353E009A72FC /* libFolly.a */ = {
			isa = PBXReferenceProxy;
			fileType = archive.ar;
			path = libFolly.a;
			remoteRef = CA275C382550353E009A72FC /* PBXContainerItemProxy */;
			sourceTree = BUILT_PRODUCTS_DIR;
		};
		CA275C3B2550353E009A72FC /* libglog.a */ = {
			isa = PBXReferenceProxy;
			fileType = archive.ar;
			path = libglog.a;
			remoteRef = CA275C3A2550353E009A72FC /* PBXContainerItemProxy */;
			sourceTree = BUILT_PRODUCTS_DIR;
		};
		CA275C3D2550353E009A72FC /* libPods-Pherapeutic.a */ = {
			isa = PBXReferenceProxy;
			fileType = archive.ar;
			path = "libPods-Pherapeutic.a";
			remoteRef = CA275C3C2550353E009A72FC /* PBXContainerItemProxy */;
			sourceTree = BUILT_PRODUCTS_DIR;
		};
		CA275C3F2550353E009A72FC /* libPods-Pherapeutic-PherapeuticTests.a */ = {
			isa = PBXReferenceProxy;
			fileType = archive.ar;
			path = "libPods-Pherapeutic-PherapeuticTests.a";
			remoteRef = CA275C3E2550353E009A72FC /* PBXContainerItemProxy */;
			sourceTree = BUILT_PRODUCTS_DIR;
		};
		CA275C412550353E009A72FC /* libPods-Pherapeutic-tvOS.a */ = {
			isa = PBXReferenceProxy;
			fileType = archive.ar;
			path = "libPods-Pherapeutic-tvOS.a";
			remoteRef = CA275C402550353E009A72FC /* PBXContainerItemProxy */;
			sourceTree = BUILT_PRODUCTS_DIR;
		};
		CA275C432550353E009A72FC /* libPods-Pherapeutic-tvOSTests.a */ = {
			isa = PBXReferenceProxy;
			fileType = archive.ar;
			path = "libPods-Pherapeutic-tvOSTests.a";
			remoteRef = CA275C422550353E009A72FC /* PBXContainerItemProxy */;
			sourceTree = BUILT_PRODUCTS_DIR;
		};
		CA275C452550353E009A72FC /* libRCTTypeSafety.a */ = {
			isa = PBXReferenceProxy;
			fileType = archive.ar;
			path = libRCTTypeSafety.a;
			remoteRef = CA275C442550353E009A72FC /* PBXContainerItemProxy */;
			sourceTree = BUILT_PRODUCTS_DIR;
		};
		CA275C472550353E009A72FC /* libReact-Core.a */ = {
			isa = PBXReferenceProxy;
			fileType = archive.ar;
			path = "libReact-Core.a";
			remoteRef = CA275C462550353E009A72FC /* PBXContainerItemProxy */;
			sourceTree = BUILT_PRODUCTS_DIR;
		};
		CA275C492550353E009A72FC /* AccessibilityResources.bundle */ = {
			isa = PBXReferenceProxy;
			fileType = wrapper.cfbundle;
			path = AccessibilityResources.bundle;
			remoteRef = CA275C482550353E009A72FC /* PBXContainerItemProxy */;
			sourceTree = BUILT_PRODUCTS_DIR;
		};
		CA275C4B2550353E009A72FC /* libReact-CoreModules.a */ = {
			isa = PBXReferenceProxy;
			fileType = archive.ar;
			path = "libReact-CoreModules.a";
			remoteRef = CA275C4A2550353E009A72FC /* PBXContainerItemProxy */;
			sourceTree = BUILT_PRODUCTS_DIR;
		};
		CA275C4D2550353E009A72FC /* libReact-cxxreact.a */ = {
			isa = PBXReferenceProxy;
			fileType = archive.ar;
			path = "libReact-cxxreact.a";
			remoteRef = CA275C4C2550353E009A72FC /* PBXContainerItemProxy */;
			sourceTree = BUILT_PRODUCTS_DIR;
		};
		CA275C4F2550353E009A72FC /* libReact-jsi.a */ = {
			isa = PBXReferenceProxy;
			fileType = archive.ar;
			path = "libReact-jsi.a";
			remoteRef = CA275C4E2550353E009A72FC /* PBXContainerItemProxy */;
			sourceTree = BUILT_PRODUCTS_DIR;
		};
		CA275C512550353E009A72FC /* libReact-jsiexecutor.a */ = {
			isa = PBXReferenceProxy;
			fileType = archive.ar;
			path = "libReact-jsiexecutor.a";
			remoteRef = CA275C502550353E009A72FC /* PBXContainerItemProxy */;
			sourceTree = BUILT_PRODUCTS_DIR;
		};
		CA275C532550353E009A72FC /* libReact-jsinspector.a */ = {
			isa = PBXReferenceProxy;
			fileType = archive.ar;
			path = "libReact-jsinspector.a";
			remoteRef = CA275C522550353E009A72FC /* PBXContainerItemProxy */;
			sourceTree = BUILT_PRODUCTS_DIR;
		};
		CA275C552550353E009A72FC /* libReact-RCTAnimation.a */ = {
			isa = PBXReferenceProxy;
			fileType = archive.ar;
			path = "libReact-RCTAnimation.a";
			remoteRef = CA275C542550353E009A72FC /* PBXContainerItemProxy */;
			sourceTree = BUILT_PRODUCTS_DIR;
		};
		CA275C572550353E009A72FC /* libReact-RCTBlob.a */ = {
			isa = PBXReferenceProxy;
			fileType = archive.ar;
			path = "libReact-RCTBlob.a";
			remoteRef = CA275C562550353E009A72FC /* PBXContainerItemProxy */;
			sourceTree = BUILT_PRODUCTS_DIR;
		};
		CA275C592550353E009A72FC /* libReact-RCTImage.a */ = {
			isa = PBXReferenceProxy;
			fileType = archive.ar;
			path = "libReact-RCTImage.a";
			remoteRef = CA275C582550353E009A72FC /* PBXContainerItemProxy */;
			sourceTree = BUILT_PRODUCTS_DIR;
		};
		CA275C5B2550353E009A72FC /* libReact-RCTLinking.a */ = {
			isa = PBXReferenceProxy;
			fileType = archive.ar;
			path = "libReact-RCTLinking.a";
			remoteRef = CA275C5A2550353E009A72FC /* PBXContainerItemProxy */;
			sourceTree = BUILT_PRODUCTS_DIR;
		};
		CA275C5D2550353E009A72FC /* libReact-RCTNetwork.a */ = {
			isa = PBXReferenceProxy;
			fileType = archive.ar;
			path = "libReact-RCTNetwork.a";
			remoteRef = CA275C5C2550353E009A72FC /* PBXContainerItemProxy */;
			sourceTree = BUILT_PRODUCTS_DIR;
		};
		CA275C5F2550353E009A72FC /* libReact-RCTSettings.a */ = {
			isa = PBXReferenceProxy;
			fileType = archive.ar;
			path = "libReact-RCTSettings.a";
			remoteRef = CA275C5E2550353E009A72FC /* PBXContainerItemProxy */;
			sourceTree = BUILT_PRODUCTS_DIR;
		};
		CA275C612550353E009A72FC /* libReact-RCTText.a */ = {
			isa = PBXReferenceProxy;
			fileType = archive.ar;
			path = "libReact-RCTText.a";
			remoteRef = CA275C602550353E009A72FC /* PBXContainerItemProxy */;
			sourceTree = BUILT_PRODUCTS_DIR;
		};
		CA275C632550353E009A72FC /* libReact-RCTVibration.a */ = {
			isa = PBXReferenceProxy;
			fileType = archive.ar;
			path = "libReact-RCTVibration.a";
			remoteRef = CA275C622550353E009A72FC /* PBXContainerItemProxy */;
			sourceTree = BUILT_PRODUCTS_DIR;
		};
		CA275C652550353E009A72FC /* libReactCommon.a */ = {
			isa = PBXReferenceProxy;
			fileType = archive.ar;
			path = libReactCommon.a;
			remoteRef = CA275C642550353E009A72FC /* PBXContainerItemProxy */;
			sourceTree = BUILT_PRODUCTS_DIR;
		};
		CA275C672550353E009A72FC /* libYoga.a */ = {
			isa = PBXReferenceProxy;
			fileType = archive.ar;
			path = libYoga.a;
			remoteRef = CA275C662550353E009A72FC /* PBXContainerItemProxy */;
			sourceTree = BUILT_PRODUCTS_DIR;
		};
		CA5BA89D2564394900ED44FE /* libreact-native-video.a */ = {
			isa = PBXReferenceProxy;
			fileType = archive.ar;
			path = "libreact-native-video.a";
			remoteRef = CA5BA89C2564394900ED44FE /* PBXContainerItemProxy */;
			sourceTree = BUILT_PRODUCTS_DIR;
		};
		CA5E042725526A240084C960 /* libBVLinearGradient.a */ = {
			isa = PBXReferenceProxy;
			fileType = archive.ar;
			path = libBVLinearGradient.a;
			remoteRef = CA5E042625526A240084C960 /* PBXContainerItemProxy */;
			sourceTree = BUILT_PRODUCTS_DIR;
		};
		CA5E042925526A240084C960 /* libreact-native-safe-area-context.a */ = {
			isa = PBXReferenceProxy;
			fileType = archive.ar;
			path = "libreact-native-safe-area-context.a";
			remoteRef = CA5E042825526A240084C960 /* PBXContainerItemProxy */;
			sourceTree = BUILT_PRODUCTS_DIR;
		};
		CA5E042B25526A240084C960 /* libRNCAsyncStorage.a */ = {
			isa = PBXReferenceProxy;
			fileType = archive.ar;
			path = libRNCAsyncStorage.a;
			remoteRef = CA5E042A25526A240084C960 /* PBXContainerItemProxy */;
			sourceTree = BUILT_PRODUCTS_DIR;
		};
		CA5E042D25526A240084C960 /* libRNCMaskedView.a */ = {
			isa = PBXReferenceProxy;
			fileType = archive.ar;
			path = libRNCMaskedView.a;
			remoteRef = CA5E042C25526A240084C960 /* PBXContainerItemProxy */;
			sourceTree = BUILT_PRODUCTS_DIR;
		};
		CA5E042F25526A240084C960 /* libRNGestureHandler.a */ = {
			isa = PBXReferenceProxy;
			fileType = archive.ar;
			path = libRNGestureHandler.a;
			remoteRef = CA5E042E25526A240084C960 /* PBXContainerItemProxy */;
			sourceTree = BUILT_PRODUCTS_DIR;
		};
		CA5E043125526A240084C960 /* libRNReanimated.a */ = {
			isa = PBXReferenceProxy;
			fileType = archive.ar;
			path = libRNReanimated.a;
			remoteRef = CA5E043025526A240084C960 /* PBXContainerItemProxy */;
			sourceTree = BUILT_PRODUCTS_DIR;
		};
		CA5E043325526A240084C960 /* libRNScreens.a */ = {
			isa = PBXReferenceProxy;
			fileType = archive.ar;
			path = libRNScreens.a;
			remoteRef = CA5E043225526A240084C960 /* PBXContainerItemProxy */;
			sourceTree = BUILT_PRODUCTS_DIR;
		};
		CA92BE352566DC6200DBFCCD /* libGoogle-Maps-iOS-Utils.a */ = {
			isa = PBXReferenceProxy;
			fileType = archive.ar;
			path = "libGoogle-Maps-iOS-Utils.a";
			remoteRef = CA92BE342566DC6200DBFCCD /* PBXContainerItemProxy */;
			sourceTree = BUILT_PRODUCTS_DIR;
		};
		CA92BE372566DC6200DBFCCD /* libreact-native-google-maps.a */ = {
			isa = PBXReferenceProxy;
			fileType = archive.ar;
			path = "libreact-native-google-maps.a";
			remoteRef = CA92BE362566DC6200DBFCCD /* PBXContainerItemProxy */;
			sourceTree = BUILT_PRODUCTS_DIR;
		};
		CA92BE392566DC6200DBFCCD /* libreact-native-maps.a */ = {
			isa = PBXReferenceProxy;
			fileType = archive.ar;
			path = "libreact-native-maps.a";
			remoteRef = CA92BE382566DC6200DBFCCD /* PBXContainerItemProxy */;
			sourceTree = BUILT_PRODUCTS_DIR;
		};
		CAE4E2A22566555C00B10182 /* libRNImageCropPicker.a */ = {
			isa = PBXReferenceProxy;
			fileType = archive.ar;
			path = libRNImageCropPicker.a;
			remoteRef = CAE4E2A12566555C00B10182 /* PBXContainerItemProxy */;
			sourceTree = BUILT_PRODUCTS_DIR;
		};
		CAE4E2A42566555C00B10182 /* QBImagePicker.bundle */ = {
			isa = PBXReferenceProxy;
			fileType = wrapper.cfbundle;
			path = QBImagePicker.bundle;
			remoteRef = CAE4E2A32566555C00B10182 /* PBXContainerItemProxy */;
			sourceTree = BUILT_PRODUCTS_DIR;
		};
		CAE4E2A62566555C00B10182 /* libTOCropViewController.a */ = {
			isa = PBXReferenceProxy;
			fileType = archive.ar;
			path = libTOCropViewController.a;
			remoteRef = CAE4E2A52566555C00B10182 /* PBXContainerItemProxy */;
			sourceTree = BUILT_PRODUCTS_DIR;
		};
		CAE4E2A82566555C00B10182 /* TOCropViewControllerBundle.bundle */ = {
			isa = PBXReferenceProxy;
			fileType = wrapper.cfbundle;
			path = TOCropViewControllerBundle.bundle;
			remoteRef = CAE4E2A72566555C00B10182 /* PBXContainerItemProxy */;
			sourceTree = BUILT_PRODUCTS_DIR;
		};
/* End PBXReferenceProxy section */

/* Begin PBXResourcesBuildPhase section */
		00E356EC1AD99517003FC87E /* Resources */ = {
			isa = PBXResourcesBuildPhase;
			buildActionMask = 2147483647;
			files = (
				1D57BBD5257A5BF0009ED500 /* GoogleService-Info.plist in Resources */,
			);
			runOnlyForDeploymentPostprocessing = 0;
		};
		13B07F8E1A680F5B00A75B9A /* Resources */ = {
			isa = PBXResourcesBuildPhase;
			buildActionMask = 2147483647;
			files = (
				81AB9BB82411601600AC10FF /* LaunchScreen.storyboard in Resources */,
				1D57BBD4257A5BF0009ED500 /* GoogleService-Info.plist in Resources */,
				13B07FBF1A68108700A75B9A /* Images.xcassets in Resources */,
			);
			runOnlyForDeploymentPostprocessing = 0;
		};
		2D02E4791E0B4A5D006451C7 /* Resources */ = {
			isa = PBXResourcesBuildPhase;
			buildActionMask = 2147483647;
			files = (
				2D02E4BD1E0B4A84006451C7 /* Images.xcassets in Resources */,
				1D57BBD6257A5BF0009ED500 /* GoogleService-Info.plist in Resources */,
			);
			runOnlyForDeploymentPostprocessing = 0;
		};
		2D02E48E1E0B4A5D006451C7 /* Resources */ = {
			isa = PBXResourcesBuildPhase;
			buildActionMask = 2147483647;
			files = (
				1D57BBD7257A5BF0009ED500 /* GoogleService-Info.plist in Resources */,
			);
			runOnlyForDeploymentPostprocessing = 0;
		};
/* End PBXResourcesBuildPhase section */

/* Begin PBXShellScriptBuildPhase section */
		00AD87C47A33F04104760FD2 /* [CP] Copy Pods Resources */ = {
			isa = PBXShellScriptBuildPhase;
			buildActionMask = 2147483647;
			files = (
			);
			inputPaths = (
				"${PODS_ROOT}/Target Support Files/Pods-Pherapeutic/Pods-Pherapeutic-resources.sh",
				"${PODS_ROOT}/FBSDKCoreKit/FacebookSDKStrings.bundle",
				"${PODS_ROOT}/GoogleMaps/Maps/Frameworks/GoogleMaps.framework/Resources/GoogleMaps.bundle",
				"${PODS_ROOT}/GoogleSignIn/Resources/GoogleSignIn.bundle",
				"${PODS_CONFIGURATION_BUILD_DIR}/RNImageCropPicker/QBImagePicker.bundle",
				"${PODS_CONFIGURATION_BUILD_DIR}/React-Core/AccessibilityResources.bundle",
				"${PODS_CONFIGURATION_BUILD_DIR}/TOCropViewController/TOCropViewControllerBundle.bundle",
			);
			name = "[CP] Copy Pods Resources";
			outputPaths = (
				"${TARGET_BUILD_DIR}/${UNLOCALIZED_RESOURCES_FOLDER_PATH}/FacebookSDKStrings.bundle",
				"${TARGET_BUILD_DIR}/${UNLOCALIZED_RESOURCES_FOLDER_PATH}/GoogleMaps.bundle",
				"${TARGET_BUILD_DIR}/${UNLOCALIZED_RESOURCES_FOLDER_PATH}/GoogleSignIn.bundle",
				"${TARGET_BUILD_DIR}/${UNLOCALIZED_RESOURCES_FOLDER_PATH}/QBImagePicker.bundle",
				"${TARGET_BUILD_DIR}/${UNLOCALIZED_RESOURCES_FOLDER_PATH}/AccessibilityResources.bundle",
				"${TARGET_BUILD_DIR}/${UNLOCALIZED_RESOURCES_FOLDER_PATH}/TOCropViewControllerBundle.bundle",
			);
			runOnlyForDeploymentPostprocessing = 0;
			shellPath = /bin/sh;
			shellScript = "\"${PODS_ROOT}/Target Support Files/Pods-Pherapeutic/Pods-Pherapeutic-resources.sh\"\n";
			showEnvVarsInLog = 0;
		};
		00DD1BFF1BD5951E006B06BC /* Bundle React Native code and images */ = {
			isa = PBXShellScriptBuildPhase;
			buildActionMask = 2147483647;
			files = (
			);
			inputPaths = (
			);
			name = "Bundle React Native code and images";
			outputPaths = (
			);
			runOnlyForDeploymentPostprocessing = 0;
			shellPath = /bin/sh;
			shellScript = "export NODE_BINARY=node\n../node_modules/react-native/scripts/react-native-xcode.sh";
		};
		2D02E4CB1E0B4B27006451C7 /* Bundle React Native Code And Images */ = {
			isa = PBXShellScriptBuildPhase;
			buildActionMask = 2147483647;
			files = (
			);
			inputPaths = (
			);
			name = "Bundle React Native Code And Images";
			outputPaths = (
			);
			runOnlyForDeploymentPostprocessing = 0;
			shellPath = /bin/sh;
			shellScript = "export NODE_BINARY=node\n../node_modules/react-native/scripts/react-native-xcode.sh";
		};
		3B81E49D589290D7AAB44EB1 /* [CP-User] [RNFB] Core Configuration */ = {
			isa = PBXShellScriptBuildPhase;
			buildActionMask = 2147483647;
			files = (
			);
			name = "[CP-User] [RNFB] Core Configuration";
			runOnlyForDeploymentPostprocessing = 0;
			shellPath = /bin/sh;
			shellScript = "#!/usr/bin/env bash\n#\n# Copyright (c) 2016-present Invertase Limited & Contributors\n#\n# Licensed under the Apache License, Version 2.0 (the \"License\");\n# you may not use this library except in compliance with the License.\n# You may obtain a copy of the License at\n#\n#   http://www.apache.org/licenses/LICENSE-2.0\n#\n# Unless required by applicable law or agreed to in writing, software\n# distributed under the License is distributed on an \"AS IS\" BASIS,\n# WITHOUT WARRANTIES OR CONDITIONS OF ANY KIND, either express or implied.\n# See the License for the specific language governing permissions and\n# limitations under the License.\n#\nset -e\n\n_MAX_LOOKUPS=2;\n_SEARCH_RESULT=''\n_RN_ROOT_EXISTS=''\n_CURRENT_LOOKUPS=1\n_JSON_ROOT=\"'react-native'\"\n_JSON_FILE_NAME='firebase.json'\n_JSON_OUTPUT_BASE64='e30=' # { }\n_CURRENT_SEARCH_DIR=${PROJECT_DIR}\n_PLIST_BUDDY=/usr/libexec/PlistBuddy\n_TARGET_PLIST=\"${BUILT_PRODUCTS_DIR}/${INFOPLIST_PATH}\"\n_DSYM_PLIST=\"${DWARF_DSYM_FOLDER_PATH}/${DWARF_DSYM_FILE_NAME}/Contents/Info.plist\"\n\n# plist arrays\n_PLIST_ENTRY_KEYS=()\n_PLIST_ENTRY_TYPES=()\n_PLIST_ENTRY_VALUES=()\n\nfunction setPlistValue {\n  echo \"info:      setting plist entry '$1' of type '$2' in file '$4'\"\n  ${_PLIST_BUDDY} -c \"Add :$1 $2 '$3'\" $4 || echo \"info:      '$1' already exists\"\n}\n\nfunction getFirebaseJsonKeyValue () {\n  if [[ ${_RN_ROOT_EXISTS} ]]; then\n    ruby -e \"require 'rubygems';require 'json'; output=JSON.parse('$1'); puts output[$_JSON_ROOT]['$2']\"\n  else\n    echo \"\"\n  fi;\n}\n\nfunction jsonBoolToYesNo () {\n  if [[ $1 == \"false\" ]]; then\n    echo \"NO\"\n  elif [[ $1 == \"true\" ]]; then\n    echo \"YES\"\n  else echo \"NO\"\n  fi\n}\n\necho \"info: -> RNFB build script started\"\necho \"info: 1) Locating ${_JSON_FILE_NAME} file:\"\n\nif [[ -z ${_CURRENT_SEARCH_DIR} ]]; then\n  _CURRENT_SEARCH_DIR=$(pwd)\nfi;\n\nwhile true; do\n  _CURRENT_SEARCH_DIR=$(dirname \"$_CURRENT_SEARCH_DIR\")\n  if [[ \"$_CURRENT_SEARCH_DIR\" == \"/\" ]] || [[ ${_CURRENT_LOOKUPS} -gt ${_MAX_LOOKUPS} ]]; then break; fi;\n  echo \"info:      ($_CURRENT_LOOKUPS of $_MAX_LOOKUPS) Searching in '$_CURRENT_SEARCH_DIR' for a ${_JSON_FILE_NAME} file.\"\n  _SEARCH_RESULT=$(find \"$_CURRENT_SEARCH_DIR\" -maxdepth 2 -name ${_JSON_FILE_NAME} -print | head -n 1)\n  if [[ ${_SEARCH_RESULT} ]]; then\n    echo \"info:      ${_JSON_FILE_NAME} found at $_SEARCH_RESULT\"\n    break;\n  fi;\n  _CURRENT_LOOKUPS=$((_CURRENT_LOOKUPS+1))\ndone\n\nif [[ ${_SEARCH_RESULT} ]]; then\n  _JSON_OUTPUT_RAW=$(cat \"${_SEARCH_RESULT}\")\n  _RN_ROOT_EXISTS=$(ruby -e \"require 'rubygems';require 'json'; output=JSON.parse('$_JSON_OUTPUT_RAW'); puts output[$_JSON_ROOT]\" || echo '')\n\n  if [[ ${_RN_ROOT_EXISTS} ]]; then\n    _JSON_OUTPUT_BASE64=$(python -c 'import json,sys,base64;print(base64.b64encode(json.dumps(json.loads(open('\"'${_SEARCH_RESULT}'\"').read())['${_JSON_ROOT}'])))' || echo \"e30=\")\n  fi\n\n  _PLIST_ENTRY_KEYS+=(\"firebase_json_raw\")\n  _PLIST_ENTRY_TYPES+=(\"string\")\n  _PLIST_ENTRY_VALUES+=(\"$_JSON_OUTPUT_BASE64\")\n\n  # config.messaging_auto_init_enabled\n  _MESSAGING_AUTO_INIT=$(getFirebaseJsonKeyValue \"$_JSON_OUTPUT_RAW\" \"messaging_auto_init_enabled\")\n  if [[ $_MESSAGING_AUTO_INIT ]]; then\n    _PLIST_ENTRY_KEYS+=(\"FirebaseMessagingAutoInitEnabled\")\n    _PLIST_ENTRY_TYPES+=(\"bool\")\n    _PLIST_ENTRY_VALUES+=(\"$(jsonBoolToYesNo \"$_MESSAGING_AUTO_INIT\")\")\n  fi\n\n  # config.crashlytics_disable_auto_disabler - undocumented for now - mainly for debugging, document if becomes useful\n  _CRASHLYTICS_AUTO_DISABLE_ENABLED=$(getFirebaseJsonKeyValue \"$_JSON_OUTPUT_RAW\" \"crashlytics_disable_auto_disabler\")\n  if [[ $_CRASHLYTICS_AUTO_DISABLE_ENABLED == \"true\" ]]; then\n    echo \"Disabled Crashlytics auto disabler.\" # do nothing\n  else\n    _PLIST_ENTRY_KEYS+=(\"FirebaseCrashlyticsCollectionEnabled\")\n    _PLIST_ENTRY_TYPES+=(\"bool\")\n    _PLIST_ENTRY_VALUES+=(\"NO\")\n  fi\n\n  # config.admob_delay_app_measurement_init\n  _ADMOB_DELAY_APP_MEASUREMENT=$(getFirebaseJsonKeyValue \"$_JSON_OUTPUT_RAW\" \"admob_delay_app_measurement_init\")\n  if [[ $_ADMOB_DELAY_APP_MEASUREMENT == \"true\" ]]; then\n    _PLIST_ENTRY_KEYS+=(\"GADDelayAppMeasurementInit\")\n    _PLIST_ENTRY_TYPES+=(\"bool\")\n    _PLIST_ENTRY_VALUES+=(\"YES\")\n  fi\n\n  # config.admob_ios_app_id\n  _ADMOB_IOS_APP_ID=$(getFirebaseJsonKeyValue \"$_JSON_OUTPUT_RAW\" \"admob_ios_app_id\")\n  if [[ $_ADMOB_IOS_APP_ID ]]; then\n    _PLIST_ENTRY_KEYS+=(\"GADApplicationIdentifier\")\n    _PLIST_ENTRY_TYPES+=(\"string\")\n    _PLIST_ENTRY_VALUES+=(\"$_ADMOB_IOS_APP_ID\")\n  fi\nelse\n  _PLIST_ENTRY_KEYS+=(\"firebase_json_raw\")\n  _PLIST_ENTRY_TYPES+=(\"string\")\n  _PLIST_ENTRY_VALUES+=(\"$_JSON_OUTPUT_BASE64\")\n  echo \"warning:   A firebase.json file was not found, whilst this file is optional it is recommended to include it to configure firebase services in React Native Firebase.\"\nfi;\n\necho \"info: 2) Injecting Info.plist entries: \"\n\n# Log out the keys we're adding\nfor i in \"${!_PLIST_ENTRY_KEYS[@]}\"; do\n  echo \"    ->  $i) ${_PLIST_ENTRY_KEYS[$i]}\" \"${_PLIST_ENTRY_TYPES[$i]}\" \"${_PLIST_ENTRY_VALUES[$i]}\"\ndone\n\nfor plist in \"${_TARGET_PLIST}\" \"${_DSYM_PLIST}\" ; do\n  if [[ -f \"${plist}\" ]]; then\n\n    # paths with spaces break the call to setPlistValue. temporarily modify\n    # the shell internal field separator variable (IFS), which normally\n    # includes spaces, to consist only of line breaks\n    oldifs=$IFS\n    IFS=\"\n\"\n\n    for i in \"${!_PLIST_ENTRY_KEYS[@]}\"; do\n      setPlistValue \"${_PLIST_ENTRY_KEYS[$i]}\" \"${_PLIST_ENTRY_TYPES[$i]}\" \"${_PLIST_ENTRY_VALUES[$i]}\" \"${plist}\"\n    done\n\n    # restore the original internal field separator value\n    IFS=$oldifs\n  else\n    echo \"warning:   A Info.plist build output file was not found (${plist})\"\n  fi\ndone\n\necho \"info: <- RNFB build script finished\"\n";
		};
		474CC1D5B29FA61E88DFBD7F /* [CP] Check Pods Manifest.lock */ = {
			isa = PBXShellScriptBuildPhase;
			buildActionMask = 2147483647;
			files = (
			);
			inputFileListPaths = (
			);
			inputPaths = (
				"${PODS_PODFILE_DIR_PATH}/Podfile.lock",
				"${PODS_ROOT}/Manifest.lock",
			);
			name = "[CP] Check Pods Manifest.lock";
			outputFileListPaths = (
			);
			outputPaths = (
				"$(DERIVED_FILE_DIR)/Pods-Pherapeutic-tvOSTests-checkManifestLockResult.txt",
			);
			runOnlyForDeploymentPostprocessing = 0;
			shellPath = /bin/sh;
			shellScript = "diff \"${PODS_PODFILE_DIR_PATH}/Podfile.lock\" \"${PODS_ROOT}/Manifest.lock\" > /dev/null\nif [ $? != 0 ] ; then\n    # print error to STDERR\n    echo \"error: The sandbox is not in sync with the Podfile.lock. Run 'pod install' or update your CocoaPods installation.\" >&2\n    exit 1\nfi\n# This output is used by Xcode 'outputs' to avoid re-running this script phase.\necho \"SUCCESS\" > \"${SCRIPT_OUTPUT_FILE_0}\"\n";
			showEnvVarsInLog = 0;
		};
		63E7BEE18DAD7952360B16B3 /* [CP] Check Pods Manifest.lock */ = {
			isa = PBXShellScriptBuildPhase;
			buildActionMask = 2147483647;
			files = (
			);
			inputFileListPaths = (
			);
			inputPaths = (
				"${PODS_PODFILE_DIR_PATH}/Podfile.lock",
				"${PODS_ROOT}/Manifest.lock",
			);
			name = "[CP] Check Pods Manifest.lock";
			outputFileListPaths = (
			);
			outputPaths = (
				"$(DERIVED_FILE_DIR)/Pods-Pherapeutic-tvOS-checkManifestLockResult.txt",
			);
			runOnlyForDeploymentPostprocessing = 0;
			shellPath = /bin/sh;
			shellScript = "diff \"${PODS_PODFILE_DIR_PATH}/Podfile.lock\" \"${PODS_ROOT}/Manifest.lock\" > /dev/null\nif [ $? != 0 ] ; then\n    # print error to STDERR\n    echo \"error: The sandbox is not in sync with the Podfile.lock. Run 'pod install' or update your CocoaPods installation.\" >&2\n    exit 1\nfi\n# This output is used by Xcode 'outputs' to avoid re-running this script phase.\necho \"SUCCESS\" > \"${SCRIPT_OUTPUT_FILE_0}\"\n";
			showEnvVarsInLog = 0;
		};
		992007E0CF709BD986D21E7C /* [CP] Check Pods Manifest.lock */ = {
			isa = PBXShellScriptBuildPhase;
			buildActionMask = 2147483647;
			files = (
			);
			inputFileListPaths = (
			);
			inputPaths = (
				"${PODS_PODFILE_DIR_PATH}/Podfile.lock",
				"${PODS_ROOT}/Manifest.lock",
			);
			name = "[CP] Check Pods Manifest.lock";
			outputFileListPaths = (
			);
			outputPaths = (
				"$(DERIVED_FILE_DIR)/Pods-Pherapeutic-checkManifestLockResult.txt",
			);
			runOnlyForDeploymentPostprocessing = 0;
			shellPath = /bin/sh;
			shellScript = "diff \"${PODS_PODFILE_DIR_PATH}/Podfile.lock\" \"${PODS_ROOT}/Manifest.lock\" > /dev/null\nif [ $? != 0 ] ; then\n    # print error to STDERR\n    echo \"error: The sandbox is not in sync with the Podfile.lock. Run 'pod install' or update your CocoaPods installation.\" >&2\n    exit 1\nfi\n# This output is used by Xcode 'outputs' to avoid re-running this script phase.\necho \"SUCCESS\" > \"${SCRIPT_OUTPUT_FILE_0}\"\n";
			showEnvVarsInLog = 0;
		};
		A69A959E051F2F9FE0CC82DA /* [CP] Embed Pods Frameworks */ = {
			isa = PBXShellScriptBuildPhase;
			buildActionMask = 2147483647;
			files = (
			);
			inputPaths = (
				"${PODS_ROOT}/Target Support Files/Pods-Pherapeutic-PherapeuticTests/Pods-Pherapeutic-PherapeuticTests-frameworks.sh",
				"${PODS_ROOT}/AgoraRtcEngine_iOS_Crypto/Agora_Native_SDK_for_iOS_FULL/libs/AgoraRtcKit.framework",
				"${PODS_ROOT}/AgoraRtcEngine_iOS_Crypto/Agora_Native_SDK_for_iOS_FULL/libs/AgoraRtcCryptoLoader.framework",
			);
			name = "[CP] Embed Pods Frameworks";
			outputPaths = (
				"${TARGET_BUILD_DIR}/${FRAMEWORKS_FOLDER_PATH}/AgoraRtcKit.framework",
				"${TARGET_BUILD_DIR}/${FRAMEWORKS_FOLDER_PATH}/AgoraRtcCryptoLoader.framework",
			);
			runOnlyForDeploymentPostprocessing = 0;
			shellPath = /bin/sh;
			shellScript = "\"${PODS_ROOT}/Target Support Files/Pods-Pherapeutic-PherapeuticTests/Pods-Pherapeutic-PherapeuticTests-frameworks.sh\"\n";
			showEnvVarsInLog = 0;
		};
		C2A9FF0C2A1398D88413DFC4 /* [CP] Embed Pods Frameworks */ = {
			isa = PBXShellScriptBuildPhase;
			buildActionMask = 2147483647;
			files = (
			);
			inputPaths = (
				"${PODS_ROOT}/Target Support Files/Pods-Pherapeutic/Pods-Pherapeutic-frameworks.sh",
				"${PODS_ROOT}/AgoraRtcEngine_iOS_Crypto/Agora_Native_SDK_for_iOS_FULL/libs/AgoraRtcKit.framework",
				"${PODS_ROOT}/AgoraRtcEngine_iOS_Crypto/Agora_Native_SDK_for_iOS_FULL/libs/AgoraRtcCryptoLoader.framework",
			);
			name = "[CP] Embed Pods Frameworks";
			outputPaths = (
				"${TARGET_BUILD_DIR}/${FRAMEWORKS_FOLDER_PATH}/AgoraRtcKit.framework",
				"${TARGET_BUILD_DIR}/${FRAMEWORKS_FOLDER_PATH}/AgoraRtcCryptoLoader.framework",
			);
			runOnlyForDeploymentPostprocessing = 0;
			shellPath = /bin/sh;
			shellScript = "\"${PODS_ROOT}/Target Support Files/Pods-Pherapeutic/Pods-Pherapeutic-frameworks.sh\"\n";
			showEnvVarsInLog = 0;
		};
		E8F06AFE3703EE404815A60E /* [CP] Check Pods Manifest.lock */ = {
			isa = PBXShellScriptBuildPhase;
			buildActionMask = 2147483647;
			files = (
			);
			inputFileListPaths = (
			);
			inputPaths = (
				"${PODS_PODFILE_DIR_PATH}/Podfile.lock",
				"${PODS_ROOT}/Manifest.lock",
			);
			name = "[CP] Check Pods Manifest.lock";
			outputFileListPaths = (
			);
			outputPaths = (
				"$(DERIVED_FILE_DIR)/Pods-Pherapeutic-PherapeuticTests-checkManifestLockResult.txt",
			);
			runOnlyForDeploymentPostprocessing = 0;
			shellPath = /bin/sh;
			shellScript = "diff \"${PODS_PODFILE_DIR_PATH}/Podfile.lock\" \"${PODS_ROOT}/Manifest.lock\" > /dev/null\nif [ $? != 0 ] ; then\n    # print error to STDERR\n    echo \"error: The sandbox is not in sync with the Podfile.lock. Run 'pod install' or update your CocoaPods installation.\" >&2\n    exit 1\nfi\n# This output is used by Xcode 'outputs' to avoid re-running this script phase.\necho \"SUCCESS\" > \"${SCRIPT_OUTPUT_FILE_0}\"\n";
			showEnvVarsInLog = 0;
		};
		FBDCD9FCD77C5BCF7F13319F /* [CP] Copy Pods Resources */ = {
			isa = PBXShellScriptBuildPhase;
			buildActionMask = 2147483647;
			files = (
			);
			inputPaths = (
				"${PODS_ROOT}/Target Support Files/Pods-Pherapeutic-PherapeuticTests/Pods-Pherapeutic-PherapeuticTests-resources.sh",
				"${PODS_ROOT}/FBSDKCoreKit/FacebookSDKStrings.bundle",
				"${PODS_ROOT}/GoogleMaps/Maps/Frameworks/GoogleMaps.framework/Resources/GoogleMaps.bundle",
				"${PODS_ROOT}/GoogleSignIn/Resources/GoogleSignIn.bundle",
				"${PODS_CONFIGURATION_BUILD_DIR}/RNImageCropPicker/QBImagePicker.bundle",
				"${PODS_CONFIGURATION_BUILD_DIR}/React-Core/AccessibilityResources.bundle",
				"${PODS_CONFIGURATION_BUILD_DIR}/TOCropViewController/TOCropViewControllerBundle.bundle",
			);
			name = "[CP] Copy Pods Resources";
			outputPaths = (
				"${TARGET_BUILD_DIR}/${UNLOCALIZED_RESOURCES_FOLDER_PATH}/FacebookSDKStrings.bundle",
				"${TARGET_BUILD_DIR}/${UNLOCALIZED_RESOURCES_FOLDER_PATH}/GoogleMaps.bundle",
				"${TARGET_BUILD_DIR}/${UNLOCALIZED_RESOURCES_FOLDER_PATH}/GoogleSignIn.bundle",
				"${TARGET_BUILD_DIR}/${UNLOCALIZED_RESOURCES_FOLDER_PATH}/QBImagePicker.bundle",
				"${TARGET_BUILD_DIR}/${UNLOCALIZED_RESOURCES_FOLDER_PATH}/AccessibilityResources.bundle",
				"${TARGET_BUILD_DIR}/${UNLOCALIZED_RESOURCES_FOLDER_PATH}/TOCropViewControllerBundle.bundle",
			);
			runOnlyForDeploymentPostprocessing = 0;
			shellPath = /bin/sh;
			shellScript = "\"${PODS_ROOT}/Target Support Files/Pods-Pherapeutic-PherapeuticTests/Pods-Pherapeutic-PherapeuticTests-resources.sh\"\n";
			showEnvVarsInLog = 0;
		};
		FD10A7F022414F080027D42C /* Start Packager */ = {
			isa = PBXShellScriptBuildPhase;
			buildActionMask = 2147483647;
			files = (
			);
			inputFileListPaths = (
			);
			inputPaths = (
			);
			name = "Start Packager";
			outputFileListPaths = (
			);
			outputPaths = (
			);
			runOnlyForDeploymentPostprocessing = 0;
			shellPath = /bin/sh;
			shellScript = "export RCT_METRO_PORT=\"${RCT_METRO_PORT:=8081}\"\necho \"export RCT_METRO_PORT=${RCT_METRO_PORT}\" > \"${SRCROOT}/../node_modules/react-native/scripts/.packager.env\"\nif [ -z \"${RCT_NO_LAUNCH_PACKAGER+xxx}\" ] ; then\n  if nc -w 5 -z localhost ${RCT_METRO_PORT} ; then\n    if ! curl -s \"http://localhost:${RCT_METRO_PORT}/status\" | grep -q \"packager-status:running\" ; then\n      echo \"Port ${RCT_METRO_PORT} already in use, packager is either not running or not running correctly\"\n      exit 2\n    fi\n  else\n    open \"$SRCROOT/../node_modules/react-native/scripts/launchPackager.command\" || echo \"Can't start packager automatically\"\n  fi\nfi\n";
			showEnvVarsInLog = 0;
		};
		FD10A7F122414F3F0027D42C /* Start Packager */ = {
			isa = PBXShellScriptBuildPhase;
			buildActionMask = 2147483647;
			files = (
			);
			inputFileListPaths = (
			);
			inputPaths = (
			);
			name = "Start Packager";
			outputFileListPaths = (
			);
			outputPaths = (
			);
			runOnlyForDeploymentPostprocessing = 0;
			shellPath = /bin/sh;
			shellScript = "export RCT_METRO_PORT=\"${RCT_METRO_PORT:=8081}\"\necho \"export RCT_METRO_PORT=${RCT_METRO_PORT}\" > \"${SRCROOT}/../node_modules/react-native/scripts/.packager.env\"\nif [ -z \"${RCT_NO_LAUNCH_PACKAGER+xxx}\" ] ; then\n  if nc -w 5 -z localhost ${RCT_METRO_PORT} ; then\n    if ! curl -s \"http://localhost:${RCT_METRO_PORT}/status\" | grep -q \"packager-status:running\" ; then\n      echo \"Port ${RCT_METRO_PORT} already in use, packager is either not running or not running correctly\"\n      exit 2\n    fi\n  else\n    open \"$SRCROOT/../node_modules/react-native/scripts/launchPackager.command\" || echo \"Can't start packager automatically\"\n  fi\nfi\n";
			showEnvVarsInLog = 0;
		};
/* End PBXShellScriptBuildPhase section */

/* Begin PBXSourcesBuildPhase section */
		00E356EA1AD99517003FC87E /* Sources */ = {
			isa = PBXSourcesBuildPhase;
			buildActionMask = 2147483647;
			files = (
				00E356F31AD99517003FC87E /* PherapeuticTests.m in Sources */,
			);
			runOnlyForDeploymentPostprocessing = 0;
		};
		13B07F871A680F5B00A75B9A /* Sources */ = {
			isa = PBXSourcesBuildPhase;
			buildActionMask = 2147483647;
			files = (
				13B07FBC1A68108700A75B9A /* AppDelegate.m in Sources */,
				13B07FC11A68108700A75B9A /* main.m in Sources */,
			);
			runOnlyForDeploymentPostprocessing = 0;
		};
		2D02E4771E0B4A5D006451C7 /* Sources */ = {
			isa = PBXSourcesBuildPhase;
			buildActionMask = 2147483647;
			files = (
				2D02E4BF1E0B4AB3006451C7 /* main.m in Sources */,
				2D02E4BC1E0B4A80006451C7 /* AppDelegate.m in Sources */,
			);
			runOnlyForDeploymentPostprocessing = 0;
		};
		2D02E48C1E0B4A5D006451C7 /* Sources */ = {
			isa = PBXSourcesBuildPhase;
			buildActionMask = 2147483647;
			files = (
				2DCD954D1E0B4F2C00145EB5 /* PherapeuticTests.m in Sources */,
			);
			runOnlyForDeploymentPostprocessing = 0;
		};
/* End PBXSourcesBuildPhase section */

/* Begin PBXTargetDependency section */
		00E356F51AD99517003FC87E /* PBXTargetDependency */ = {
			isa = PBXTargetDependency;
			target = 13B07F861A680F5B00A75B9A /* Pherapeutic */;
			targetProxy = 00E356F41AD99517003FC87E /* PBXContainerItemProxy */;
		};
		2D02E4921E0B4A5D006451C7 /* PBXTargetDependency */ = {
			isa = PBXTargetDependency;
			target = 2D02E47A1E0B4A5D006451C7 /* Pherapeutic-tvOS */;
			targetProxy = 2D02E4911E0B4A5D006451C7 /* PBXContainerItemProxy */;
		};
/* End PBXTargetDependency section */

/* Begin XCBuildConfiguration section */
		00E356F61AD99517003FC87E /* Debug */ = {
			isa = XCBuildConfiguration;
			baseConfigurationReference = 755E585BB9C629FF1AB7ED46 /* Pods-Pherapeutic-PherapeuticTests.debug.xcconfig */;
			buildSettings = {
				BUNDLE_LOADER = "$(TEST_HOST)";
				GCC_PREPROCESSOR_DEFINITIONS = (
					"DEBUG=1",
					"$(inherited)",
				);
				INFOPLIST_FILE = PherapeuticTests/Info.plist;
				IPHONEOS_DEPLOYMENT_TARGET = 10.0;
				LD_RUNPATH_SEARCH_PATHS = "$(inherited) @executable_path/Frameworks @loader_path/Frameworks";
				OTHER_LDFLAGS = (
					"-ObjC",
					"-lc++",
					"$(inherited)",
				);
				PRODUCT_BUNDLE_IDENTIFIER = "org.reactjs.native.example.$(PRODUCT_NAME:rfc1034identifier)";
				PRODUCT_NAME = "$(TARGET_NAME)";
				TEST_HOST = "$(BUILT_PRODUCTS_DIR)/Pherapeutic.app/Pherapeutic";
			};
			name = Debug;
		};
		00E356F71AD99517003FC87E /* Release */ = {
			isa = XCBuildConfiguration;
			baseConfigurationReference = 3F3DB23FC00BC6262991C12C /* Pods-Pherapeutic-PherapeuticTests.release.xcconfig */;
			buildSettings = {
				BUNDLE_LOADER = "$(TEST_HOST)";
				COPY_PHASE_STRIP = NO;
				INFOPLIST_FILE = PherapeuticTests/Info.plist;
				IPHONEOS_DEPLOYMENT_TARGET = 10.0;
				LD_RUNPATH_SEARCH_PATHS = "$(inherited) @executable_path/Frameworks @loader_path/Frameworks";
				OTHER_LDFLAGS = (
					"-ObjC",
					"-lc++",
					"$(inherited)",
				);
				PRODUCT_BUNDLE_IDENTIFIER = "org.reactjs.native.example.$(PRODUCT_NAME:rfc1034identifier)";
				PRODUCT_NAME = "$(TARGET_NAME)";
				TEST_HOST = "$(BUILT_PRODUCTS_DIR)/Pherapeutic.app/Pherapeutic";
			};
			name = Release;
		};
		13B07F941A680F5B00A75B9A /* Debug */ = {
			isa = XCBuildConfiguration;
			baseConfigurationReference = 90203B2A491EBBD851C4FF30 /* Pods-Pherapeutic.debug.xcconfig */;
			buildSettings = {
				ASSETCATALOG_COMPILER_APPICON_NAME = AppIcon;
				CLANG_ENABLE_MODULES = YES;
				CODE_SIGN_ENTITLEMENTS = Pherapeutic/Pherapeutic.entitlements;
				CODE_SIGN_IDENTITY = "Apple Development";
				CODE_SIGN_STYLE = Automatic;
				CURRENT_PROJECT_VERSION = 31;
				DEVELOPMENT_TEAM = YG6SRDRW2J;
				ENABLE_BITCODE = NO;
				INFOPLIST_FILE = Pherapeutic/Info.plist;
				IPHONEOS_DEPLOYMENT_TARGET = 11.0;
				LD_RUNPATH_SEARCH_PATHS = "$(inherited) @executable_path/Frameworks";
				LIBRARY_SEARCH_PATHS = (
					"$(inherited)",
					"$(SDKROOT)/usr/lib/swift",
				);
				OTHER_LDFLAGS = (
					"$(inherited)",
					"-ObjC",
					"-lc++",
				);
				PRODUCT_BUNDLE_IDENTIFIER = com.itech.pherapeutic;
				PRODUCT_NAME = Pherapeutic;
				PROVISIONING_PROFILE_SPECIFIER = "";
				SWIFT_OPTIMIZATION_LEVEL = "-Onone";
				SWIFT_VERSION = 5.0;
				VERSIONING_SYSTEM = "apple-generic";
			};
			name = Debug;
		};
		13B07F951A680F5B00A75B9A /* Release */ = {
			isa = XCBuildConfiguration;
			baseConfigurationReference = DF67247614E1A351E28D0FCE /* Pods-Pherapeutic.release.xcconfig */;
			buildSettings = {
				ASSETCATALOG_COMPILER_APPICON_NAME = AppIcon;
				CLANG_ENABLE_MODULES = YES;
				CODE_SIGN_ENTITLEMENTS = Pherapeutic/Pherapeutic.entitlements;
				CODE_SIGN_IDENTITY = "Apple Development";
				CODE_SIGN_STYLE = Automatic;
				CURRENT_PROJECT_VERSION = 31;
				DEVELOPMENT_TEAM = YG6SRDRW2J;
				INFOPLIST_FILE = Pherapeutic/Info.plist;
				IPHONEOS_DEPLOYMENT_TARGET = 11.0;
				LD_RUNPATH_SEARCH_PATHS = "$(inherited) @executable_path/Frameworks";
				LIBRARY_SEARCH_PATHS = (
					"$(inherited)",
					"$(SDKROOT)/usr/lib/swift",
				);
				OTHER_LDFLAGS = (
					"$(inherited)",
					"-ObjC",
					"-lc++",
				);
				PRODUCT_BUNDLE_IDENTIFIER = com.itech.pherapeutic;
				PRODUCT_NAME = Pherapeutic;
				PROVISIONING_PROFILE_SPECIFIER = "";
				SWIFT_VERSION = 5.0;
				VERSIONING_SYSTEM = "apple-generic";
			};
			name = Release;
		};
		2D02E4971E0B4A5E006451C7 /* Debug */ = {
			isa = XCBuildConfiguration;
			baseConfigurationReference = 88812A63D0A2F1696CF89D12 /* Pods-Pherapeutic-tvOS.debug.xcconfig */;
			buildSettings = {
				ASSETCATALOG_COMPILER_APPICON_NAME = "App Icon & Top Shelf Image";
				ASSETCATALOG_COMPILER_LAUNCHIMAGE_NAME = LaunchImage;
				CLANG_ANALYZER_NONNULL = YES;
				CLANG_WARN_DOCUMENTATION_COMMENTS = YES;
				CLANG_WARN_INFINITE_RECURSION = YES;
				CLANG_WARN_SUSPICIOUS_MOVE = YES;
				DEBUG_INFORMATION_FORMAT = dwarf;
				ENABLE_TESTABILITY = YES;
				GCC_NO_COMMON_BLOCKS = YES;
				INFOPLIST_FILE = "Pherapeutic-tvOS/Info.plist";
				LD_RUNPATH_SEARCH_PATHS = "$(inherited) @executable_path/Frameworks";
				OTHER_LDFLAGS = (
					"$(inherited)",
					"-ObjC",
					"-lc++",
				);
				PRODUCT_BUNDLE_IDENTIFIER = "org.reactjs.native.example.Pherapeutic-tvOS";
				PRODUCT_NAME = "$(TARGET_NAME)";
				SDKROOT = appletvos;
				TARGETED_DEVICE_FAMILY = 3;
				TVOS_DEPLOYMENT_TARGET = 10.0;
			};
			name = Debug;
		};
		2D02E4981E0B4A5E006451C7 /* Release */ = {
			isa = XCBuildConfiguration;
			baseConfigurationReference = B44B80C171FCE010CF88659D /* Pods-Pherapeutic-tvOS.release.xcconfig */;
			buildSettings = {
				ASSETCATALOG_COMPILER_APPICON_NAME = "App Icon & Top Shelf Image";
				ASSETCATALOG_COMPILER_LAUNCHIMAGE_NAME = LaunchImage;
				CLANG_ANALYZER_NONNULL = YES;
				CLANG_WARN_DOCUMENTATION_COMMENTS = YES;
				CLANG_WARN_INFINITE_RECURSION = YES;
				CLANG_WARN_SUSPICIOUS_MOVE = YES;
				COPY_PHASE_STRIP = NO;
				DEBUG_INFORMATION_FORMAT = "dwarf-with-dsym";
				GCC_NO_COMMON_BLOCKS = YES;
				INFOPLIST_FILE = "Pherapeutic-tvOS/Info.plist";
				LD_RUNPATH_SEARCH_PATHS = "$(inherited) @executable_path/Frameworks";
				OTHER_LDFLAGS = (
					"$(inherited)",
					"-ObjC",
					"-lc++",
				);
				PRODUCT_BUNDLE_IDENTIFIER = "org.reactjs.native.example.Pherapeutic-tvOS";
				PRODUCT_NAME = "$(TARGET_NAME)";
				SDKROOT = appletvos;
				TARGETED_DEVICE_FAMILY = 3;
				TVOS_DEPLOYMENT_TARGET = 10.0;
			};
			name = Release;
		};
		2D02E4991E0B4A5E006451C7 /* Debug */ = {
			isa = XCBuildConfiguration;
			baseConfigurationReference = 8CB1E8DE50075827F01478DA /* Pods-Pherapeutic-tvOSTests.debug.xcconfig */;
			buildSettings = {
				BUNDLE_LOADER = "$(TEST_HOST)";
				CLANG_ANALYZER_NONNULL = YES;
				CLANG_WARN_DOCUMENTATION_COMMENTS = YES;
				CLANG_WARN_INFINITE_RECURSION = YES;
				CLANG_WARN_SUSPICIOUS_MOVE = YES;
				DEBUG_INFORMATION_FORMAT = dwarf;
				ENABLE_TESTABILITY = YES;
				GCC_NO_COMMON_BLOCKS = YES;
				INFOPLIST_FILE = "Pherapeutic-tvOSTests/Info.plist";
				LD_RUNPATH_SEARCH_PATHS = "$(inherited) @executable_path/Frameworks @loader_path/Frameworks";
				OTHER_LDFLAGS = (
					"$(inherited)",
					"-ObjC",
					"-lc++",
				);
				PRODUCT_BUNDLE_IDENTIFIER = "org.reactjs.native.example.Pherapeutic-tvOSTests";
				PRODUCT_NAME = "$(TARGET_NAME)";
				SDKROOT = appletvos;
				TEST_HOST = "$(BUILT_PRODUCTS_DIR)/Pherapeutic-tvOS.app/Pherapeutic-tvOS";
				TVOS_DEPLOYMENT_TARGET = 10.1;
			};
			name = Debug;
		};
		2D02E49A1E0B4A5E006451C7 /* Release */ = {
			isa = XCBuildConfiguration;
			baseConfigurationReference = 4055DE31D3F6B45FE896B936 /* Pods-Pherapeutic-tvOSTests.release.xcconfig */;
			buildSettings = {
				BUNDLE_LOADER = "$(TEST_HOST)";
				CLANG_ANALYZER_NONNULL = YES;
				CLANG_WARN_DOCUMENTATION_COMMENTS = YES;
				CLANG_WARN_INFINITE_RECURSION = YES;
				CLANG_WARN_SUSPICIOUS_MOVE = YES;
				COPY_PHASE_STRIP = NO;
				DEBUG_INFORMATION_FORMAT = "dwarf-with-dsym";
				GCC_NO_COMMON_BLOCKS = YES;
				INFOPLIST_FILE = "Pherapeutic-tvOSTests/Info.plist";
				LD_RUNPATH_SEARCH_PATHS = "$(inherited) @executable_path/Frameworks @loader_path/Frameworks";
				OTHER_LDFLAGS = (
					"$(inherited)",
					"-ObjC",
					"-lc++",
				);
				PRODUCT_BUNDLE_IDENTIFIER = "org.reactjs.native.example.Pherapeutic-tvOSTests";
				PRODUCT_NAME = "$(TARGET_NAME)";
				SDKROOT = appletvos;
				TEST_HOST = "$(BUILT_PRODUCTS_DIR)/Pherapeutic-tvOS.app/Pherapeutic-tvOS";
				TVOS_DEPLOYMENT_TARGET = 10.1;
			};
			name = Release;
		};
		83CBBA201A601CBA00E9B192 /* Debug */ = {
			isa = XCBuildConfiguration;
			buildSettings = {
				ALWAYS_SEARCH_USER_PATHS = NO;
				CLANG_ANALYZER_LOCALIZABILITY_NONLOCALIZED = YES;
				CLANG_CXX_LANGUAGE_STANDARD = "gnu++0x";
				CLANG_CXX_LIBRARY = "libc++";
				CLANG_ENABLE_MODULES = YES;
				CLANG_ENABLE_OBJC_ARC = YES;
				CLANG_WARN_BLOCK_CAPTURE_AUTORELEASING = YES;
				CLANG_WARN_BOOL_CONVERSION = YES;
				CLANG_WARN_COMMA = YES;
				CLANG_WARN_CONSTANT_CONVERSION = YES;
				CLANG_WARN_DEPRECATED_OBJC_IMPLEMENTATIONS = YES;
				CLANG_WARN_DIRECT_OBJC_ISA_USAGE = YES_ERROR;
				CLANG_WARN_EMPTY_BODY = YES;
				CLANG_WARN_ENUM_CONVERSION = YES;
				CLANG_WARN_INFINITE_RECURSION = YES;
				CLANG_WARN_INT_CONVERSION = YES;
				CLANG_WARN_NON_LITERAL_NULL_CONVERSION = YES;
				CLANG_WARN_OBJC_IMPLICIT_RETAIN_SELF = YES;
				CLANG_WARN_OBJC_LITERAL_CONVERSION = YES;
				CLANG_WARN_OBJC_ROOT_CLASS = YES_ERROR;
				CLANG_WARN_RANGE_LOOP_ANALYSIS = YES;
				CLANG_WARN_STRICT_PROTOTYPES = YES;
				CLANG_WARN_SUSPICIOUS_MOVE = YES;
				CLANG_WARN_UNREACHABLE_CODE = YES;
				CLANG_WARN__DUPLICATE_METHOD_MATCH = YES;
				"CODE_SIGN_IDENTITY[sdk=iphoneos*]" = "iPhone Developer";
				COPY_PHASE_STRIP = NO;
				ENABLE_STRICT_OBJC_MSGSEND = YES;
				ENABLE_TESTABILITY = YES;
				GCC_C_LANGUAGE_STANDARD = gnu99;
				GCC_DYNAMIC_NO_PIC = NO;
				GCC_NO_COMMON_BLOCKS = YES;
				GCC_OPTIMIZATION_LEVEL = 0;
				GCC_PREPROCESSOR_DEFINITIONS = (
					"DEBUG=1",
					"$(inherited)",
				);
				GCC_SYMBOLS_PRIVATE_EXTERN = NO;
				GCC_WARN_64_TO_32_BIT_CONVERSION = YES;
				GCC_WARN_ABOUT_RETURN_TYPE = YES_ERROR;
				GCC_WARN_UNDECLARED_SELECTOR = YES;
				GCC_WARN_UNINITIALIZED_AUTOS = YES_AGGRESSIVE;
				GCC_WARN_UNUSED_FUNCTION = YES;
				GCC_WARN_UNUSED_VARIABLE = YES;
				IPHONEOS_DEPLOYMENT_TARGET = 10.0;
				LD_RUNPATH_SEARCH_PATHS = "/usr/lib/swift $(inherited)";
				LIBRARY_SEARCH_PATHS = (
					"\"$(TOOLCHAIN_DIR)/usr/lib/swift/$(PLATFORM_NAME)\"",
					"\"$(TOOLCHAIN_DIR)/usr/lib/swift-5.0/$(PLATFORM_NAME)\"",
					"\"$(inherited)\"",
				);
				MTL_ENABLE_DEBUG_INFO = YES;
				ONLY_ACTIVE_ARCH = YES;
				SDKROOT = iphoneos;
			};
			name = Debug;
		};
		83CBBA211A601CBA00E9B192 /* Release */ = {
			isa = XCBuildConfiguration;
			buildSettings = {
				ALWAYS_SEARCH_USER_PATHS = NO;
				CLANG_ANALYZER_LOCALIZABILITY_NONLOCALIZED = YES;
				CLANG_CXX_LANGUAGE_STANDARD = "gnu++0x";
				CLANG_CXX_LIBRARY = "libc++";
				CLANG_ENABLE_MODULES = YES;
				CLANG_ENABLE_OBJC_ARC = YES;
				CLANG_WARN_BLOCK_CAPTURE_AUTORELEASING = YES;
				CLANG_WARN_BOOL_CONVERSION = YES;
				CLANG_WARN_COMMA = YES;
				CLANG_WARN_CONSTANT_CONVERSION = YES;
				CLANG_WARN_DEPRECATED_OBJC_IMPLEMENTATIONS = YES;
				CLANG_WARN_DIRECT_OBJC_ISA_USAGE = YES_ERROR;
				CLANG_WARN_EMPTY_BODY = YES;
				CLANG_WARN_ENUM_CONVERSION = YES;
				CLANG_WARN_INFINITE_RECURSION = YES;
				CLANG_WARN_INT_CONVERSION = YES;
				CLANG_WARN_NON_LITERAL_NULL_CONVERSION = YES;
				CLANG_WARN_OBJC_IMPLICIT_RETAIN_SELF = YES;
				CLANG_WARN_OBJC_LITERAL_CONVERSION = YES;
				CLANG_WARN_OBJC_ROOT_CLASS = YES_ERROR;
				CLANG_WARN_RANGE_LOOP_ANALYSIS = YES;
				CLANG_WARN_STRICT_PROTOTYPES = YES;
				CLANG_WARN_SUSPICIOUS_MOVE = YES;
				CLANG_WARN_UNREACHABLE_CODE = YES;
				CLANG_WARN__DUPLICATE_METHOD_MATCH = YES;
				"CODE_SIGN_IDENTITY[sdk=iphoneos*]" = "iPhone Developer";
				COPY_PHASE_STRIP = YES;
				ENABLE_NS_ASSERTIONS = NO;
				ENABLE_STRICT_OBJC_MSGSEND = YES;
				GCC_C_LANGUAGE_STANDARD = gnu99;
				GCC_NO_COMMON_BLOCKS = YES;
				GCC_WARN_64_TO_32_BIT_CONVERSION = YES;
				GCC_WARN_ABOUT_RETURN_TYPE = YES_ERROR;
				GCC_WARN_UNDECLARED_SELECTOR = YES;
				GCC_WARN_UNINITIALIZED_AUTOS = YES_AGGRESSIVE;
				GCC_WARN_UNUSED_FUNCTION = YES;
				GCC_WARN_UNUSED_VARIABLE = YES;
				IPHONEOS_DEPLOYMENT_TARGET = 10.0;
				LD_RUNPATH_SEARCH_PATHS = "/usr/lib/swift $(inherited)";
				LIBRARY_SEARCH_PATHS = (
					"\"$(TOOLCHAIN_DIR)/usr/lib/swift/$(PLATFORM_NAME)\"",
					"\"$(TOOLCHAIN_DIR)/usr/lib/swift-5.0/$(PLATFORM_NAME)\"",
					"\"$(inherited)\"",
				);
				MTL_ENABLE_DEBUG_INFO = NO;
				SDKROOT = iphoneos;
				VALIDATE_PRODUCT = YES;
			};
			name = Release;
		};
/* End XCBuildConfiguration section */

/* Begin XCConfigurationList section */
		00E357021AD99517003FC87E /* Build configuration list for PBXNativeTarget "PherapeuticTests" */ = {
			isa = XCConfigurationList;
			buildConfigurations = (
				00E356F61AD99517003FC87E /* Debug */,
				00E356F71AD99517003FC87E /* Release */,
			);
			defaultConfigurationIsVisible = 0;
			defaultConfigurationName = Release;
		};
		13B07F931A680F5B00A75B9A /* Build configuration list for PBXNativeTarget "Pherapeutic" */ = {
			isa = XCConfigurationList;
			buildConfigurations = (
				13B07F941A680F5B00A75B9A /* Debug */,
				13B07F951A680F5B00A75B9A /* Release */,
			);
			defaultConfigurationIsVisible = 0;
			defaultConfigurationName = Release;
		};
		2D02E4BA1E0B4A5E006451C7 /* Build configuration list for PBXNativeTarget "Pherapeutic-tvOS" */ = {
			isa = XCConfigurationList;
			buildConfigurations = (
				2D02E4971E0B4A5E006451C7 /* Debug */,
				2D02E4981E0B4A5E006451C7 /* Release */,
			);
			defaultConfigurationIsVisible = 0;
			defaultConfigurationName = Release;
		};
		2D02E4BB1E0B4A5E006451C7 /* Build configuration list for PBXNativeTarget "Pherapeutic-tvOSTests" */ = {
			isa = XCConfigurationList;
			buildConfigurations = (
				2D02E4991E0B4A5E006451C7 /* Debug */,
				2D02E49A1E0B4A5E006451C7 /* Release */,
			);
			defaultConfigurationIsVisible = 0;
			defaultConfigurationName = Release;
		};
		83CBB9FA1A601CBA00E9B192 /* Build configuration list for PBXProject "Pherapeutic" */ = {
			isa = XCConfigurationList;
			buildConfigurations = (
				83CBBA201A601CBA00E9B192 /* Debug */,
				83CBBA211A601CBA00E9B192 /* Release */,
			);
			defaultConfigurationIsVisible = 0;
			defaultConfigurationName = Release;
		};
/* End XCConfigurationList section */
	};
	rootObject = 83CBB9F71A601CBA00E9B192 /* Project object */;
}
